
Microsoft Visual Studio Solution File, Format Version 12.00
# Visual Studio 14
VisualStudioVersion = 14.0.25420.1
MinimumVisualStudioVersion = 10.0.40219.1
Project("{FAE04EC0-301F-11D3-BF4B-00C04F79EFBC}") = "GenerateRightScripts", "GenerateRightScripts\GenerateRightScripts.csproj", "{6054805B-70CA-4630-AF8A-71ADC6E7C505}"
EndProject
Global
	GlobalSection(SolutionConfigurationPlatforms) = preSolution
		Debug|Any CPU = Debug|Any CPU
		Release|Any CPU = Release|Any CPU
	EndGlobalSection
	GlobalSection(ProjectConfigurationPlatforms) = postSolution
		{6054805B-70CA-4630-AF8A-71ADC6E7C505}.Debug|Any CPU.ActiveCfg = Debug|Any CPU
		{6054805B-70CA-4630-AF8A-71ADC6E7C505}.Debug|Any CPU.Build.0 = Debug|Any CPU
		{6054805B-70CA-4630-AF8A-71ADC6E7C505}.Release|Any CPU.ActiveCfg = Release|Any CPU
		{6054805B-70CA-4630-AF8A-71ADC6E7C505}.Release|Any CPU.Build.0 = Release|Any CPU
	EndGlobalSection
	GlobalSection(SolutionProperties) = preSolution
		HideSolutionNode = FALSE
	EndGlobalSection
	GlobalSection(TeamFoundationVersionControl) = preSolution
		SccNumberOfProjects = 2
		SccEnterpriseProvider = {4CA58AB2-18FA-4F8D-95D4-32DDF27D184C}
		SccTeamFoundationServer = http://1552-div-team:8080/tfs/varec
		SccLocalPath0 = .
		SccProjectUniqueName1 = GenerateRightScripts\\GenerateRightScripts.csproj
		SccProjectName1 = GenerateRightScripts
		SccLocalPath1 = GenerateRightScripts
	EndGlobalSection
EndGlobal
