
Microsoft Visual Studio Solution File, Format Version 12.00
# Visual Studio Version 16
VisualStudioVersion = 16.0.33130.400
MinimumVisualStudioVersion = 10.0.40219.1
Project("{C9674DCB-5085-4A16-B785-4C70DD1589BD}") = "FuelsManagerDWSSIS", "FuelsManagerDWSSIS\FuelsManagerDWSSIS.dtproj", "{73F61374-2494-4452-8B22-66F1C07CF582}"
EndProject
Global
	GlobalSection(SolutionConfigurationPlatforms) = preSolution
		Development|Default = Development|Default
	EndGlobalSection
	GlobalSection(ProjectConfigurationPlatforms) = postSolution
		{73F61374-2494-4452-8B22-66F1C07CF582}.Development|Default.ActiveCfg = Development
		{73F61374-2494-4452-8B22-66F1C07CF582}.Development|Default.Build.0 = Development
	EndGlobalSection
	GlobalSection(SolutionProperties) = preSolution
		HideSolutionNode = FALSE
	EndGlobalSection
	GlobalSection(ExtensibilityGlobals) = postSolution
		SolutionGuid = {E863E88E-80D4-4BDF-A98F-E03FAA9F41EE}
	EndGlobalSection
EndGlobal
