
Microsoft Visual Studio Solution File, Format Version 12.00
# Visual Studio Version 17
VisualStudioVersion = 17.5.33627.172
MinimumVisualStudioVersion = 10.0.40219.1
Project("{2150E333-8FDC-42A3-9474-1A3956D46DE8}") = "AcculoadOPC", "AcculoadOPC", "{4AD53479-EBE4-43E9-B62C-F2D4B3FF73AC}"
EndProject
Project("{2150E333-8FDC-42A3-9474-1A3956D46DE8}") = "DanielOPC", "DanielOPC", "{07D48665-0B8E-4B8D-B164-417C7B328860}"
EndProject
Project("{2150E333-8FDC-42A3-9474-1A3956D46DE8}") = "ContrecOPC", "ContrecOPC", "{8C744DF6-5426-491F-97E4-6EA7C7EEB637}"
EndProject
Project("{2150E333-8FDC-42A3-9474-1A3956D46DE8}") = "OptomuxOPC", "OptomuxOPC", "{FE365F8A-E286-4B71-9F7E-7EC55079E512}"
EndProject
Project("{2150E333-8FDC-42A3-9474-1A3956D46DE8}") = "WeightScaleOPC", "WeightScaleOPC", "{78CBAFCD-CA30-4EA4-9F95-13F941E16E8B}"
EndProject
Project("{8BC9CEB8-8B4A-11D0-8D11-00A0C91BC942}") = "AcculoadOPCObjects", "AcculoadOPC\AcculoadOPCObjects\AcculoadOPCObjects.vcxproj", "{93BED075-A292-4AE2-9773-E44D367421F5}"
EndProject
Project("{8BC9CEB8-8B4A-11D0-8D11-00A0C91BC942}") = "AcculoadOPCServer", "AcculoadOPC\AcculoadOPCServer\AcculoadOPCServer.vcxproj", "{37952EC3-3BF8-401F-9ECE-A0B51CED8E60}"
EndProject
Project("{8BC9CEB8-8B4A-11D0-8D11-00A0C91BC942}") = "ContrecOPCObjects", "ContrecOPC\ContrecOPCObjects\ContrecOPCObjects.vcxproj", "{50AA4F82-ED26-4C99-AB60-641462124303}"
EndProject
Project("{8BC9CEB8-8B4A-11D0-8D11-00A0C91BC942}") = "ContrecOPCServer", "ContrecOPC\ContrecOPCServer\ContrecOPCServer.vcxproj", "{1D5C9E06-99C6-495A-8E6E-7DAD4A630602}"
EndProject
Project("{8BC9CEB8-8B4A-11D0-8D11-00A0C91BC942}") = "DanielOPCObjects", "DanielOPC\DanielOPCObjects\DanielOPCObjects.vcxproj", "{F30367F2-5562-4F6B-9439-FB8171A6A87E}"
EndProject
Project("{8BC9CEB8-8B4A-11D0-8D11-00A0C91BC942}") = "DanielOPCServer", "DanielOPC\DanielOPCServer\DanielOPCServer.vcxproj", "{362DA176-2019-4E5D-8325-CE5FD8A220A9}"
EndProject
Project("{8BC9CEB8-8B4A-11D0-8D11-00A0C91BC942}") = "OptomuxOPCObjects", "OptomuxOPC\OptomuxOPCObjects\OptomuxOPCObjects.vcxproj", "{ED55E602-AD89-4BF9-9651-831C6DDD733F}"
EndProject
Project("{8BC9CEB8-8B4A-11D0-8D11-00A0C91BC942}") = "OptomuxOPCServer", "OptomuxOPC\OptomuxOPCServer\OptomuxOPCServer.vcxproj", "{E443369E-B542-4A1F-8792-0E8092F0C066}"
EndProject
Project("{8BC9CEB8-8B4A-11D0-8D11-00A0C91BC942}") = "WeightScaleOPCObjects", "WeightScaleOPC\WeightScaleOPCObjects\WeightScaleOPCObjects.vcxproj", "{1517FF99-E9D2-4311-9922-EFB9DBFC4CEC}"
EndProject
Project("{8BC9CEB8-8B4A-11D0-8D11-00A0C91BC942}") = "WeightScaleOPCServer", "WeightScaleOPC\WeightScaleOPCServer\WeightScaleOPCServer.vcxproj", "{B755D349-3F3A-48F2-8BF5-51D66213E108}"
EndProject
Project("{FAE04EC0-301F-11D3-BF4B-00C04F79EFBC}") = "OPCWebApp", "OPC\OPCWebApp\OPCWebApp.csproj", "{9A19B954-9CCA-43D9-9D8D-4383F6B11FA0}"
	ProjectSection(ProjectDependencies) = postProject
		{ED55E602-AD89-4BF9-9651-831C6DDD733F} = {ED55E602-AD89-4BF9-9651-831C6DDD733F}
		{1D5C9E06-99C6-495A-8E6E-7DAD4A630602} = {1D5C9E06-99C6-495A-8E6E-7DAD4A630602}
		{291F3339-D4D9-4892-8E7C-8DD8F0B6F5EE} = {291F3339-D4D9-4892-8E7C-8DD8F0B6F5EE}
		{C92FCC44-9CD9-4961-8E18-9604BA8EDB89} = {C92FCC44-9CD9-4961-8E18-9604BA8EDB89}
		{B755D349-3F3A-48F2-8BF5-51D66213E108} = {B755D349-3F3A-48F2-8BF5-51D66213E108}
		{93BED075-A292-4AE2-9773-E44D367421F5} = {93BED075-A292-4AE2-9773-E44D367421F5}
		{362DA176-2019-4E5D-8325-CE5FD8A220A9} = {362DA176-2019-4E5D-8325-CE5FD8A220A9}
		{50AA4F82-ED26-4C99-AB60-641462124303} = {50AA4F82-ED26-4C99-AB60-641462124303}
		{1517FF99-E9D2-4311-9922-EFB9DBFC4CEC} = {1517FF99-E9D2-4311-9922-EFB9DBFC4CEC}
		{E443369E-B542-4A1F-8792-0E8092F0C066} = {E443369E-B542-4A1F-8792-0E8092F0C066}
		{37952EC3-3BF8-401F-9ECE-A0B51CED8E60} = {37952EC3-3BF8-401F-9ECE-A0B51CED8E60}
		{F30367F2-5562-4F6B-9439-FB8171A6A87E} = {F30367F2-5562-4F6B-9439-FB8171A6A87E}
	EndProjectSection
EndProject
Project("{FAE04EC0-301F-11D3-BF4B-00C04F79EFBC}") = "FMBusinessObjects", "FMBusinessObjects\FMBusinessObjects.csproj", "{F3910E2B-3E67-4B25-874F-822EC69A6FEF}"
EndProject
Project("{FAE04EC0-301F-11D3-BF4B-00C04F79EFBC}") = "Crypt", "SharedComponents\EncryptionLibrary\Crypt\Crypt.csproj", "{00E3FAB7-CF2C-4468-A9B9-4ED849043861}"
EndProject
Project("{FAE04EC0-301F-11D3-BF4B-00C04F79EFBC}") = "FMControls", "SharedComponents\FMControls\FMControls.csproj", "{CA977939-220E-4069-BC51-8530CD9350CE}"
EndProject
Project("{FAE04EC0-301F-11D3-BF4B-00C04F79EFBC}") = "FuelsManager", "FuelsManager\FuelsManager.csproj", "{30DE06B4-F251-49E7-A087-BCE46A788BFA}"
EndProject
Project("{FAE04EC0-301F-11D3-BF4B-00C04F79EFBC}") = "FMSynchronizationCommon", "FMSynchronizationCommon\FMSynchronizationCommon.csproj", "{952EFE85-C324-4104-A5BD-337076F01D46}"
EndProject
Project("{FAE04EC0-301F-11D3-BF4B-00C04F79EFBC}") = "EntityImportExport", "EntityImportExportComponents\EntityImportExport\EntityImportExport.csproj", "{6544D2AE-D7AD-4E07-A2C0-BEDCD62999D6}"
EndProject
Project("{FAE04EC0-301F-11D3-BF4B-00C04F79EFBC}") = "TransactionFields", "AccountingComponents\TransactionFields\TransactionFields.csproj", "{F4826516-FD4C-4BF1-9917-ACE6D59D8F70}"
EndProject
Project("{FAE04EC0-301F-11D3-BF4B-00C04F79EFBC}") = "XMLImport", "AccountingComponents\XMLImport\XMLImport.csproj", "{CE205DE5-7765-4EAE-8F48-0228694455CA}"
EndProject
Project("{FAE04EC0-301F-11D3-BF4B-00C04F79EFBC}") = "FMCore", "FMCore\FMCore.csproj", "{DBEF2CA1-1F4B-48CD-A4A5-5CB22006C6CE}"
EndProject
Project("{2150E333-8FDC-42A3-9474-1A3956D46DE8}") = "ScullyOPC", "ScullyOPC", "{00C92830-554C-43F3-B6B7-D98529AC84D7}"
EndProject
Project("{8BC9CEB8-8B4A-11D0-8D11-00A0C91BC942}") = "ScullyOPCObjects", "ScullyOPC\ScullyOPCObjects\ScullyOPCObjects.vcxproj", "{C92FCC44-9CD9-4961-8E18-9604BA8EDB89}"
EndProject
Project("{8BC9CEB8-8B4A-11D0-8D11-00A0C91BC942}") = "ScullyOPCServer", "ScullyOPC\ScullyOPCServer\ScullyOPCServer.vcxproj", "{291F3339-D4D9-4892-8E7C-8DD8F0B6F5EE}"
EndProject
Project("{2150E333-8FDC-42A3-9474-1A3956D46DE8}") = "OsdpOpc", "OsdpOpc", "{DB42FD7C-D8F1-4F17-9F06-3AE9DEA04C7A}"
EndProject
Project("{8BC9CEB8-8B4A-11D0-8D11-00A0C91BC942}") = "OsdpOPCObjects", "OsdpOPC\OsdpOPCObjects\OsdpOPCObjects.vcxproj", "{98C36459-EEC1-465B-BB9C-D90CBCB7B714}"
EndProject
Project("{8BC9CEB8-8B4A-11D0-8D11-00A0C91BC942}") = "OsdpOPCServer", "OsdpOPC\OsdpOPCServer\OsdpOPCServer.vcxproj", "{A4467A77-47A4-481A-81B3-57ABA5406BE9}"
EndProject
Global
	GlobalSection(SolutionConfigurationPlatforms) = preSolution
		Debug|Any CPU = Debug|Any CPU
		Debug|Mixed Platforms = Debug|Mixed Platforms
		Debug|Win32 = Debug|Win32
		Release|Any CPU = Release|Any CPU
		Release|Mixed Platforms = Release|Mixed Platforms
		Release|Win32 = Release|Win32
	EndGlobalSection
	GlobalSection(ProjectConfigurationPlatforms) = postSolution
		{93BED075-A292-4AE2-9773-E44D367421F5}.Debug|Any CPU.ActiveCfg = Debug|Win32
		{93BED075-A292-4AE2-9773-E44D367421F5}.Debug|Mixed Platforms.ActiveCfg = Debug|Win32
		{93BED075-A292-4AE2-9773-E44D367421F5}.Debug|Mixed Platforms.Build.0 = Debug|Win32
		{93BED075-A292-4AE2-9773-E44D367421F5}.Debug|Win32.ActiveCfg = Debug|Win32
		{93BED075-A292-4AE2-9773-E44D367421F5}.Debug|Win32.Build.0 = Debug|Win32
		{93BED075-A292-4AE2-9773-E44D367421F5}.Release|Any CPU.ActiveCfg = Release|Win32
		{93BED075-A292-4AE2-9773-E44D367421F5}.Release|Mixed Platforms.ActiveCfg = Release|Win32
		{93BED075-A292-4AE2-9773-E44D367421F5}.Release|Mixed Platforms.Build.0 = Release|Win32
		{93BED075-A292-4AE2-9773-E44D367421F5}.Release|Win32.ActiveCfg = Release|Win32
		{93BED075-A292-4AE2-9773-E44D367421F5}.Release|Win32.Build.0 = Release|Win32
		{37952EC3-3BF8-401F-9ECE-A0B51CED8E60}.Debug|Any CPU.ActiveCfg = Debug|Win32
		{37952EC3-3BF8-401F-9ECE-A0B51CED8E60}.Debug|Mixed Platforms.ActiveCfg = Debug|Win32
		{37952EC3-3BF8-401F-9ECE-A0B51CED8E60}.Debug|Mixed Platforms.Build.0 = Debug|Win32
		{37952EC3-3BF8-401F-9ECE-A0B51CED8E60}.Debug|Win32.ActiveCfg = Debug|Win32
		{37952EC3-3BF8-401F-9ECE-A0B51CED8E60}.Debug|Win32.Build.0 = Debug|Win32
		{37952EC3-3BF8-401F-9ECE-A0B51CED8E60}.Release|Any CPU.ActiveCfg = Release|Win32
		{37952EC3-3BF8-401F-9ECE-A0B51CED8E60}.Release|Mixed Platforms.ActiveCfg = Release|Win32
		{37952EC3-3BF8-401F-9ECE-A0B51CED8E60}.Release|Mixed Platforms.Build.0 = Release|Win32
		{37952EC3-3BF8-401F-9ECE-A0B51CED8E60}.Release|Win32.ActiveCfg = Release|Win32
		{37952EC3-3BF8-401F-9ECE-A0B51CED8E60}.Release|Win32.Build.0 = Release|Win32
		{50AA4F82-ED26-4C99-AB60-641462124303}.Debug|Any CPU.ActiveCfg = Debug|Win32
		{50AA4F82-ED26-4C99-AB60-641462124303}.Debug|Mixed Platforms.ActiveCfg = Debug|Win32
		{50AA4F82-ED26-4C99-AB60-641462124303}.Debug|Mixed Platforms.Build.0 = Debug|Win32
		{50AA4F82-ED26-4C99-AB60-641462124303}.Debug|Win32.ActiveCfg = Debug|Win32
		{50AA4F82-ED26-4C99-AB60-641462124303}.Debug|Win32.Build.0 = Debug|Win32
		{50AA4F82-ED26-4C99-AB60-641462124303}.Release|Any CPU.ActiveCfg = Release|Win32
		{50AA4F82-ED26-4C99-AB60-641462124303}.Release|Mixed Platforms.ActiveCfg = Release|Win32
		{50AA4F82-ED26-4C99-AB60-641462124303}.Release|Mixed Platforms.Build.0 = Release|Win32
		{50AA4F82-ED26-4C99-AB60-641462124303}.Release|Win32.ActiveCfg = Release|Win32
		{50AA4F82-ED26-4C99-AB60-641462124303}.Release|Win32.Build.0 = Release|Win32
		{1D5C9E06-99C6-495A-8E6E-7DAD4A630602}.Debug|Any CPU.ActiveCfg = Debug|Win32
		{1D5C9E06-99C6-495A-8E6E-7DAD4A630602}.Debug|Mixed Platforms.ActiveCfg = Debug|Win32
		{1D5C9E06-99C6-495A-8E6E-7DAD4A630602}.Debug|Mixed Platforms.Build.0 = Debug|Win32
		{1D5C9E06-99C6-495A-8E6E-7DAD4A630602}.Debug|Win32.ActiveCfg = Debug|Win32
		{1D5C9E06-99C6-495A-8E6E-7DAD4A630602}.Debug|Win32.Build.0 = Debug|Win32
		{1D5C9E06-99C6-495A-8E6E-7DAD4A630602}.Release|Any CPU.ActiveCfg = Release|Win32
		{1D5C9E06-99C6-495A-8E6E-7DAD4A630602}.Release|Mixed Platforms.ActiveCfg = Release|Win32
		{1D5C9E06-99C6-495A-8E6E-7DAD4A630602}.Release|Mixed Platforms.Build.0 = Release|Win32
		{1D5C9E06-99C6-495A-8E6E-7DAD4A630602}.Release|Win32.ActiveCfg = Release|Win32
		{1D5C9E06-99C6-495A-8E6E-7DAD4A630602}.Release|Win32.Build.0 = Release|Win32
		{F30367F2-5562-4F6B-9439-FB8171A6A87E}.Debug|Any CPU.ActiveCfg = Debug|Win32
		{F30367F2-5562-4F6B-9439-FB8171A6A87E}.Debug|Mixed Platforms.ActiveCfg = Debug|Win32
		{F30367F2-5562-4F6B-9439-FB8171A6A87E}.Debug|Mixed Platforms.Build.0 = Debug|Win32
		{F30367F2-5562-4F6B-9439-FB8171A6A87E}.Debug|Win32.ActiveCfg = Debug|Win32
		{F30367F2-5562-4F6B-9439-FB8171A6A87E}.Debug|Win32.Build.0 = Debug|Win32
		{F30367F2-5562-4F6B-9439-FB8171A6A87E}.Release|Any CPU.ActiveCfg = Release|Win32
		{F30367F2-5562-4F6B-9439-FB8171A6A87E}.Release|Mixed Platforms.ActiveCfg = Release|Win32
		{F30367F2-5562-4F6B-9439-FB8171A6A87E}.Release|Mixed Platforms.Build.0 = Release|Win32
		{F30367F2-5562-4F6B-9439-FB8171A6A87E}.Release|Win32.ActiveCfg = Release|Win32
		{F30367F2-5562-4F6B-9439-FB8171A6A87E}.Release|Win32.Build.0 = Release|Win32
		{362DA176-2019-4E5D-8325-CE5FD8A220A9}.Debug|Any CPU.ActiveCfg = Debug|Win32
		{362DA176-2019-4E5D-8325-CE5FD8A220A9}.Debug|Mixed Platforms.ActiveCfg = Debug|Win32
		{362DA176-2019-4E5D-8325-CE5FD8A220A9}.Debug|Mixed Platforms.Build.0 = Debug|Win32
		{362DA176-2019-4E5D-8325-CE5FD8A220A9}.Debug|Win32.ActiveCfg = Debug|Win32
		{362DA176-2019-4E5D-8325-CE5FD8A220A9}.Debug|Win32.Build.0 = Debug|Win32
		{362DA176-2019-4E5D-8325-CE5FD8A220A9}.Release|Any CPU.ActiveCfg = Release|Win32
		{362DA176-2019-4E5D-8325-CE5FD8A220A9}.Release|Mixed Platforms.ActiveCfg = Release|Win32
		{362DA176-2019-4E5D-8325-CE5FD8A220A9}.Release|Mixed Platforms.Build.0 = Release|Win32
		{362DA176-2019-4E5D-8325-CE5FD8A220A9}.Release|Win32.ActiveCfg = Release|Win32
		{362DA176-2019-4E5D-8325-CE5FD8A220A9}.Release|Win32.Build.0 = Release|Win32
		{ED55E602-AD89-4BF9-9651-831C6DDD733F}.Debug|Any CPU.ActiveCfg = Debug|Win32
		{ED55E602-AD89-4BF9-9651-831C6DDD733F}.Debug|Mixed Platforms.ActiveCfg = Debug|Win32
		{ED55E602-AD89-4BF9-9651-831C6DDD733F}.Debug|Mixed Platforms.Build.0 = Debug|Win32
		{ED55E602-AD89-4BF9-9651-831C6DDD733F}.Debug|Win32.ActiveCfg = Debug|Win32
		{ED55E602-AD89-4BF9-9651-831C6DDD733F}.Debug|Win32.Build.0 = Debug|Win32
		{ED55E602-AD89-4BF9-9651-831C6DDD733F}.Release|Any CPU.ActiveCfg = Release|Win32
		{ED55E602-AD89-4BF9-9651-831C6DDD733F}.Release|Mixed Platforms.ActiveCfg = Release|Win32
		{ED55E602-AD89-4BF9-9651-831C6DDD733F}.Release|Mixed Platforms.Build.0 = Release|Win32
		{ED55E602-AD89-4BF9-9651-831C6DDD733F}.Release|Win32.ActiveCfg = Release|Win32
		{ED55E602-AD89-4BF9-9651-831C6DDD733F}.Release|Win32.Build.0 = Release|Win32
		{E443369E-B542-4A1F-8792-0E8092F0C066}.Debug|Any CPU.ActiveCfg = Debug|Win32
		{E443369E-B542-4A1F-8792-0E8092F0C066}.Debug|Mixed Platforms.ActiveCfg = Debug|Win32
		{E443369E-B542-4A1F-8792-0E8092F0C066}.Debug|Mixed Platforms.Build.0 = Debug|Win32
		{E443369E-B542-4A1F-8792-0E8092F0C066}.Debug|Win32.ActiveCfg = Debug|Win32
		{E443369E-B542-4A1F-8792-0E8092F0C066}.Debug|Win32.Build.0 = Debug|Win32
		{E443369E-B542-4A1F-8792-0E8092F0C066}.Release|Any CPU.ActiveCfg = Release|Win32
		{E443369E-B542-4A1F-8792-0E8092F0C066}.Release|Mixed Platforms.ActiveCfg = Release|Win32
		{E443369E-B542-4A1F-8792-0E8092F0C066}.Release|Mixed Platforms.Build.0 = Release|Win32
		{E443369E-B542-4A1F-8792-0E8092F0C066}.Release|Win32.ActiveCfg = Release|Win32
		{E443369E-B542-4A1F-8792-0E8092F0C066}.Release|Win32.Build.0 = Release|Win32
		{1517FF99-E9D2-4311-9922-EFB9DBFC4CEC}.Debug|Any CPU.ActiveCfg = Debug|Win32
		{1517FF99-E9D2-4311-9922-EFB9DBFC4CEC}.Debug|Mixed Platforms.ActiveCfg = Debug|Win32
		{1517FF99-E9D2-4311-9922-EFB9DBFC4CEC}.Debug|Mixed Platforms.Build.0 = Debug|Win32
		{1517FF99-E9D2-4311-9922-EFB9DBFC4CEC}.Debug|Win32.ActiveCfg = Debug|Win32
		{1517FF99-E9D2-4311-9922-EFB9DBFC4CEC}.Debug|Win32.Build.0 = Debug|Win32
		{1517FF99-E9D2-4311-9922-EFB9DBFC4CEC}.Release|Any CPU.ActiveCfg = Release|Win32
		{1517FF99-E9D2-4311-9922-EFB9DBFC4CEC}.Release|Mixed Platforms.ActiveCfg = Release|Win32
		{1517FF99-E9D2-4311-9922-EFB9DBFC4CEC}.Release|Mixed Platforms.Build.0 = Release|Win32
		{1517FF99-E9D2-4311-9922-EFB9DBFC4CEC}.Release|Win32.ActiveCfg = Release|Win32
		{1517FF99-E9D2-4311-9922-EFB9DBFC4CEC}.Release|Win32.Build.0 = Release|Win32
		{B755D349-3F3A-48F2-8BF5-51D66213E108}.Debug|Any CPU.ActiveCfg = Debug|Win32
		{B755D349-3F3A-48F2-8BF5-51D66213E108}.Debug|Mixed Platforms.ActiveCfg = Debug|Win32
		{B755D349-3F3A-48F2-8BF5-51D66213E108}.Debug|Mixed Platforms.Build.0 = Debug|Win32
		{B755D349-3F3A-48F2-8BF5-51D66213E108}.Debug|Win32.ActiveCfg = Debug|Win32
		{B755D349-3F3A-48F2-8BF5-51D66213E108}.Debug|Win32.Build.0 = Debug|Win32
		{B755D349-3F3A-48F2-8BF5-51D66213E108}.Release|Any CPU.ActiveCfg = Release|Win32
		{B755D349-3F3A-48F2-8BF5-51D66213E108}.Release|Mixed Platforms.ActiveCfg = Release|Win32
		{B755D349-3F3A-48F2-8BF5-51D66213E108}.Release|Mixed Platforms.Build.0 = Release|Win32
		{B755D349-3F3A-48F2-8BF5-51D66213E108}.Release|Win32.ActiveCfg = Release|Win32
		{B755D349-3F3A-48F2-8BF5-51D66213E108}.Release|Win32.Build.0 = Release|Win32
		{9A19B954-9CCA-43D9-9D8D-4383F6B11FA0}.Debug|Any CPU.ActiveCfg = Debug|Any CPU
		{9A19B954-9CCA-43D9-9D8D-4383F6B11FA0}.Debug|Any CPU.Build.0 = Debug|Any CPU
		{9A19B954-9CCA-43D9-9D8D-4383F6B11FA0}.Debug|Mixed Platforms.ActiveCfg = Debug|Any CPU
		{9A19B954-9CCA-43D9-9D8D-4383F6B11FA0}.Debug|Mixed Platforms.Build.0 = Debug|Any CPU
		{9A19B954-9CCA-43D9-9D8D-4383F6B11FA0}.Debug|Win32.ActiveCfg = Debug|Any CPU
		{9A19B954-9CCA-43D9-9D8D-4383F6B11FA0}.Release|Any CPU.ActiveCfg = Release|Any CPU
		{9A19B954-9CCA-43D9-9D8D-4383F6B11FA0}.Release|Any CPU.Build.0 = Release|Any CPU
		{9A19B954-9CCA-43D9-9D8D-4383F6B11FA0}.Release|Mixed Platforms.ActiveCfg = Release|Any CPU
		{9A19B954-9CCA-43D9-9D8D-4383F6B11FA0}.Release|Mixed Platforms.Build.0 = Release|Any CPU
		{9A19B954-9CCA-43D9-9D8D-4383F6B11FA0}.Release|Win32.ActiveCfg = Release|Any CPU
		{F3910E2B-3E67-4B25-874F-822EC69A6FEF}.Debug|Any CPU.ActiveCfg = Debug|Any CPU
		{F3910E2B-3E67-4B25-874F-822EC69A6FEF}.Debug|Any CPU.Build.0 = Debug|Any CPU
		{F3910E2B-3E67-4B25-874F-822EC69A6FEF}.Debug|Mixed Platforms.ActiveCfg = Debug|Any CPU
		{F3910E2B-3E67-4B25-874F-822EC69A6FEF}.Debug|Mixed Platforms.Build.0 = Debug|Any CPU
		{F3910E2B-3E67-4B25-874F-822EC69A6FEF}.Debug|Win32.ActiveCfg = Debug|Any CPU
		{F3910E2B-3E67-4B25-874F-822EC69A6FEF}.Release|Any CPU.ActiveCfg = Release|Any CPU
		{F3910E2B-3E67-4B25-874F-822EC69A6FEF}.Release|Any CPU.Build.0 = Release|Any CPU
		{F3910E2B-3E67-4B25-874F-822EC69A6FEF}.Release|Mixed Platforms.ActiveCfg = Release|Any CPU
		{F3910E2B-3E67-4B25-874F-822EC69A6FEF}.Release|Mixed Platforms.Build.0 = Release|Any CPU
		{F3910E2B-3E67-4B25-874F-822EC69A6FEF}.Release|Win32.ActiveCfg = Release|Any CPU
		{00E3FAB7-CF2C-4468-A9B9-4ED849043861}.Debug|Any CPU.ActiveCfg = Debug|Any CPU
		{00E3FAB7-CF2C-4468-A9B9-4ED849043861}.Debug|Any CPU.Build.0 = Debug|Any CPU
		{00E3FAB7-CF2C-4468-A9B9-4ED849043861}.Debug|Mixed Platforms.ActiveCfg = Debug|Any CPU
		{00E3FAB7-CF2C-4468-A9B9-4ED849043861}.Debug|Mixed Platforms.Build.0 = Debug|Any CPU
		{00E3FAB7-CF2C-4468-A9B9-4ED849043861}.Debug|Win32.ActiveCfg = Debug|Any CPU
		{00E3FAB7-CF2C-4468-A9B9-4ED849043861}.Release|Any CPU.ActiveCfg = Release|Any CPU
		{00E3FAB7-CF2C-4468-A9B9-4ED849043861}.Release|Any CPU.Build.0 = Release|Any CPU
		{00E3FAB7-CF2C-4468-A9B9-4ED849043861}.Release|Mixed Platforms.ActiveCfg = Release|Any CPU
		{00E3FAB7-CF2C-4468-A9B9-4ED849043861}.Release|Mixed Platforms.Build.0 = Release|Any CPU
		{00E3FAB7-CF2C-4468-A9B9-4ED849043861}.Release|Win32.ActiveCfg = Release|Any CPU
		{CA977939-220E-4069-BC51-8530CD9350CE}.Debug|Any CPU.ActiveCfg = Debug|Any CPU
		{CA977939-220E-4069-BC51-8530CD9350CE}.Debug|Any CPU.Build.0 = Debug|Any CPU
		{CA977939-220E-4069-BC51-8530CD9350CE}.Debug|Mixed Platforms.ActiveCfg = Debug|Any CPU
		{CA977939-220E-4069-BC51-8530CD9350CE}.Debug|Mixed Platforms.Build.0 = Debug|Any CPU
		{CA977939-220E-4069-BC51-8530CD9350CE}.Debug|Win32.ActiveCfg = Debug|Any CPU
		{CA977939-220E-4069-BC51-8530CD9350CE}.Release|Any CPU.ActiveCfg = Release|Any CPU
		{CA977939-220E-4069-BC51-8530CD9350CE}.Release|Any CPU.Build.0 = Release|Any CPU
		{CA977939-220E-4069-BC51-8530CD9350CE}.Release|Mixed Platforms.ActiveCfg = Release|Any CPU
		{CA977939-220E-4069-BC51-8530CD9350CE}.Release|Mixed Platforms.Build.0 = Release|Any CPU
		{CA977939-220E-4069-BC51-8530CD9350CE}.Release|Win32.ActiveCfg = Release|Any CPU
		{30DE06B4-F251-49E7-A087-BCE46A788BFA}.Debug|Any CPU.ActiveCfg = Debug|Any CPU
		{30DE06B4-F251-49E7-A087-BCE46A788BFA}.Debug|Any CPU.Build.0 = Debug|Any CPU
		{30DE06B4-F251-49E7-A087-BCE46A788BFA}.Debug|Mixed Platforms.ActiveCfg = Debug|Any CPU
		{30DE06B4-F251-49E7-A087-BCE46A788BFA}.Debug|Mixed Platforms.Build.0 = Debug|Any CPU
		{30DE06B4-F251-49E7-A087-BCE46A788BFA}.Debug|Win32.ActiveCfg = Debug|Any CPU
		{30DE06B4-F251-49E7-A087-BCE46A788BFA}.Release|Any CPU.ActiveCfg = Release|Any CPU
		{30DE06B4-F251-49E7-A087-BCE46A788BFA}.Release|Any CPU.Build.0 = Release|Any CPU
		{30DE06B4-F251-49E7-A087-BCE46A788BFA}.Release|Mixed Platforms.ActiveCfg = Release|Any CPU
		{30DE06B4-F251-49E7-A087-BCE46A788BFA}.Release|Mixed Platforms.Build.0 = Release|Any CPU
		{30DE06B4-F251-49E7-A087-BCE46A788BFA}.Release|Win32.ActiveCfg = Release|Any CPU
		{952EFE85-C324-4104-A5BD-337076F01D46}.Debug|Any CPU.ActiveCfg = Debug|Any CPU
		{952EFE85-C324-4104-A5BD-337076F01D46}.Debug|Any CPU.Build.0 = Debug|Any CPU
		{952EFE85-C324-4104-A5BD-337076F01D46}.Debug|Mixed Platforms.ActiveCfg = Debug|Any CPU
		{952EFE85-C324-4104-A5BD-337076F01D46}.Debug|Mixed Platforms.Build.0 = Debug|Any CPU
		{952EFE85-C324-4104-A5BD-337076F01D46}.Debug|Win32.ActiveCfg = Debug|Any CPU
		{952EFE85-C324-4104-A5BD-337076F01D46}.Release|Any CPU.ActiveCfg = Release|Any CPU
		{952EFE85-C324-4104-A5BD-337076F01D46}.Release|Any CPU.Build.0 = Release|Any CPU
		{952EFE85-C324-4104-A5BD-337076F01D46}.Release|Mixed Platforms.ActiveCfg = Release|Any CPU
		{952EFE85-C324-4104-A5BD-337076F01D46}.Release|Mixed Platforms.Build.0 = Release|Any CPU
		{952EFE85-C324-4104-A5BD-337076F01D46}.Release|Win32.ActiveCfg = Release|Any CPU
		{6544D2AE-D7AD-4E07-A2C0-BEDCD62999D6}.Debug|Any CPU.ActiveCfg = Debug|Any CPU
		{6544D2AE-D7AD-4E07-A2C0-BEDCD62999D6}.Debug|Any CPU.Build.0 = Debug|Any CPU
		{6544D2AE-D7AD-4E07-A2C0-BEDCD62999D6}.Debug|Mixed Platforms.ActiveCfg = Debug|Any CPU
		{6544D2AE-D7AD-4E07-A2C0-BEDCD62999D6}.Debug|Mixed Platforms.Build.0 = Debug|Any CPU
		{6544D2AE-D7AD-4E07-A2C0-BEDCD62999D6}.Debug|Win32.ActiveCfg = Debug|Any CPU
		{6544D2AE-D7AD-4E07-A2C0-BEDCD62999D6}.Release|Any CPU.ActiveCfg = Release|Any CPU
		{6544D2AE-D7AD-4E07-A2C0-BEDCD62999D6}.Release|Any CPU.Build.0 = Release|Any CPU
		{6544D2AE-D7AD-4E07-A2C0-BEDCD62999D6}.Release|Mixed Platforms.ActiveCfg = Release|Any CPU
		{6544D2AE-D7AD-4E07-A2C0-BEDCD62999D6}.Release|Mixed Platforms.Build.0 = Release|Any CPU
		{6544D2AE-D7AD-4E07-A2C0-BEDCD62999D6}.Release|Win32.ActiveCfg = Release|Any CPU
		{F4826516-FD4C-4BF1-9917-ACE6D59D8F70}.Debug|Any CPU.ActiveCfg = Debug|Any CPU
		{F4826516-FD4C-4BF1-9917-ACE6D59D8F70}.Debug|Any CPU.Build.0 = Debug|Any CPU
		{F4826516-FD4C-4BF1-9917-ACE6D59D8F70}.Debug|Mixed Platforms.ActiveCfg = Debug|Any CPU
		{F4826516-FD4C-4BF1-9917-ACE6D59D8F70}.Debug|Mixed Platforms.Build.0 = Debug|Any CPU
		{F4826516-FD4C-4BF1-9917-ACE6D59D8F70}.Debug|Win32.ActiveCfg = Debug|Any CPU
		{F4826516-FD4C-4BF1-9917-ACE6D59D8F70}.Release|Any CPU.ActiveCfg = Release|Any CPU
		{F4826516-FD4C-4BF1-9917-ACE6D59D8F70}.Release|Any CPU.Build.0 = Release|Any CPU
		{F4826516-FD4C-4BF1-9917-ACE6D59D8F70}.Release|Mixed Platforms.ActiveCfg = Release|Any CPU
		{F4826516-FD4C-4BF1-9917-ACE6D59D8F70}.Release|Mixed Platforms.Build.0 = Release|Any CPU
		{F4826516-FD4C-4BF1-9917-ACE6D59D8F70}.Release|Win32.ActiveCfg = Release|Any CPU
		{CE205DE5-7765-4EAE-8F48-0228694455CA}.Debug|Any CPU.ActiveCfg = Debug|Any CPU
		{CE205DE5-7765-4EAE-8F48-0228694455CA}.Debug|Any CPU.Build.0 = Debug|Any CPU
		{CE205DE5-7765-4EAE-8F48-0228694455CA}.Debug|Mixed Platforms.ActiveCfg = Debug|Any CPU
		{CE205DE5-7765-4EAE-8F48-0228694455CA}.Debug|Mixed Platforms.Build.0 = Debug|Any CPU
		{CE205DE5-7765-4EAE-8F48-0228694455CA}.Debug|Win32.ActiveCfg = Debug|Any CPU
		{CE205DE5-7765-4EAE-8F48-0228694455CA}.Release|Any CPU.ActiveCfg = Release|Any CPU
		{CE205DE5-7765-4EAE-8F48-0228694455CA}.Release|Any CPU.Build.0 = Release|Any CPU
		{CE205DE5-7765-4EAE-8F48-0228694455CA}.Release|Mixed Platforms.ActiveCfg = Release|Any CPU
		{CE205DE5-7765-4EAE-8F48-0228694455CA}.Release|Mixed Platforms.Build.0 = Release|Any CPU
		{CE205DE5-7765-4EAE-8F48-0228694455CA}.Release|Win32.ActiveCfg = Release|Any CPU
		{DBEF2CA1-1F4B-48CD-A4A5-5CB22006C6CE}.Debug|Any CPU.ActiveCfg = Debug|Any CPU
		{DBEF2CA1-1F4B-48CD-A4A5-5CB22006C6CE}.Debug|Any CPU.Build.0 = Debug|Any CPU
		{DBEF2CA1-1F4B-48CD-A4A5-5CB22006C6CE}.Debug|Mixed Platforms.ActiveCfg = Debug|Any CPU
		{DBEF2CA1-1F4B-48CD-A4A5-5CB22006C6CE}.Debug|Mixed Platforms.Build.0 = Debug|Any CPU
		{DBEF2CA1-1F4B-48CD-A4A5-5CB22006C6CE}.Debug|Win32.ActiveCfg = Debug|Any CPU
		{DBEF2CA1-1F4B-48CD-A4A5-5CB22006C6CE}.Release|Any CPU.ActiveCfg = Release|Any CPU
		{DBEF2CA1-1F4B-48CD-A4A5-5CB22006C6CE}.Release|Any CPU.Build.0 = Release|Any CPU
		{DBEF2CA1-1F4B-48CD-A4A5-5CB22006C6CE}.Release|Mixed Platforms.ActiveCfg = Release|Any CPU
		{DBEF2CA1-1F4B-48CD-A4A5-5CB22006C6CE}.Release|Mixed Platforms.Build.0 = Release|Any CPU
		{DBEF2CA1-1F4B-48CD-A4A5-5CB22006C6CE}.Release|Win32.ActiveCfg = Release|Any CPU
		{C92FCC44-9CD9-4961-8E18-9604BA8EDB89}.Debug|Any CPU.ActiveCfg = Debug|Win32
		{C92FCC44-9CD9-4961-8E18-9604BA8EDB89}.Debug|Mixed Platforms.ActiveCfg = Debug|Win32
		{C92FCC44-9CD9-4961-8E18-9604BA8EDB89}.Debug|Mixed Platforms.Build.0 = Debug|Win32
		{C92FCC44-9CD9-4961-8E18-9604BA8EDB89}.Debug|Win32.ActiveCfg = Debug|Win32
		{C92FCC44-9CD9-4961-8E18-9604BA8EDB89}.Debug|Win32.Build.0 = Debug|Win32
		{C92FCC44-9CD9-4961-8E18-9604BA8EDB89}.Release|Any CPU.ActiveCfg = Release|Win32
		{C92FCC44-9CD9-4961-8E18-9604BA8EDB89}.Release|Mixed Platforms.ActiveCfg = Release|Win32
		{C92FCC44-9CD9-4961-8E18-9604BA8EDB89}.Release|Mixed Platforms.Build.0 = Release|Win32
		{C92FCC44-9CD9-4961-8E18-9604BA8EDB89}.Release|Win32.ActiveCfg = Release|Win32
		{C92FCC44-9CD9-4961-8E18-9604BA8EDB89}.Release|Win32.Build.0 = Release|Win32
		{291F3339-D4D9-4892-8E7C-8DD8F0B6F5EE}.Debug|Any CPU.ActiveCfg = Debug|Win32
		{291F3339-D4D9-4892-8E7C-8DD8F0B6F5EE}.Debug|Mixed Platforms.ActiveCfg = Debug|Win32
		{291F3339-D4D9-4892-8E7C-8DD8F0B6F5EE}.Debug|Mixed Platforms.Build.0 = Debug|Win32
		{291F3339-D4D9-4892-8E7C-8DD8F0B6F5EE}.Debug|Win32.ActiveCfg = Debug|Win32
		{291F3339-D4D9-4892-8E7C-8DD8F0B6F5EE}.Debug|Win32.Build.0 = Debug|Win32
		{291F3339-D4D9-4892-8E7C-8DD8F0B6F5EE}.Release|Any CPU.ActiveCfg = Release|Win32
		{291F3339-D4D9-4892-8E7C-8DD8F0B6F5EE}.Release|Mixed Platforms.ActiveCfg = Release|Win32
		{291F3339-D4D9-4892-8E7C-8DD8F0B6F5EE}.Release|Mixed Platforms.Build.0 = Release|Win32
		{291F3339-D4D9-4892-8E7C-8DD8F0B6F5EE}.Release|Win32.ActiveCfg = Release|Win32
		{291F3339-D4D9-4892-8E7C-8DD8F0B6F5EE}.Release|Win32.Build.0 = Release|Win32
		{98C36459-EEC1-465B-BB9C-D90CBCB7B714}.Debug|Any CPU.ActiveCfg = Debug|Win32
		{98C36459-EEC1-465B-BB9C-D90CBCB7B714}.Debug|Any CPU.Build.0 = Debug|Win32
		{98C36459-EEC1-465B-BB9C-D90CBCB7B714}.Debug|Mixed Platforms.ActiveCfg = Debug|Win32
		{98C36459-EEC1-465B-BB9C-D90CBCB7B714}.Debug|Mixed Platforms.Build.0 = Debug|Win32
		{98C36459-EEC1-465B-BB9C-D90CBCB7B714}.Debug|Win32.ActiveCfg = Debug|Win32
		{98C36459-EEC1-465B-BB9C-D90CBCB7B714}.Debug|Win32.Build.0 = Debug|Win32
		{98C36459-EEC1-465B-BB9C-D90CBCB7B714}.Release|Any CPU.ActiveCfg = Release|Win32
		{98C36459-EEC1-465B-BB9C-D90CBCB7B714}.Release|Any CPU.Build.0 = Release|Win32
		{98C36459-EEC1-465B-BB9C-D90CBCB7B714}.Release|Mixed Platforms.ActiveCfg = Release|Win32
		{98C36459-EEC1-465B-BB9C-D90CBCB7B714}.Release|Mixed Platforms.Build.0 = Release|Win32
		{98C36459-EEC1-465B-BB9C-D90CBCB7B714}.Release|Win32.ActiveCfg = Release|Win32
		{98C36459-EEC1-465B-BB9C-D90CBCB7B714}.Release|Win32.Build.0 = Release|Win32
		{A4467A77-47A4-481A-81B3-57ABA5406BE9}.Debug|Any CPU.ActiveCfg = Debug|Win32
		{A4467A77-47A4-481A-81B3-57ABA5406BE9}.Debug|Any CPU.Build.0 = Debug|Win32
		{A4467A77-47A4-481A-81B3-57ABA5406BE9}.Debug|Mixed Platforms.ActiveCfg = Debug|Win32
		{A4467A77-47A4-481A-81B3-57ABA5406BE9}.Debug|Mixed Platforms.Build.0 = Debug|Win32
		{A4467A77-47A4-481A-81B3-57ABA5406BE9}.Debug|Win32.ActiveCfg = Debug|Win32
		{A4467A77-47A4-481A-81B3-57ABA5406BE9}.Debug|Win32.Build.0 = Debug|Win32
		{A4467A77-47A4-481A-81B3-57ABA5406BE9}.Release|Any CPU.ActiveCfg = Release|Win32
		{A4467A77-47A4-481A-81B3-57ABA5406BE9}.Release|Any CPU.Build.0 = Release|Win32
		{A4467A77-47A4-481A-81B3-57ABA5406BE9}.Release|Mixed Platforms.ActiveCfg = Release|Win32
		{A4467A77-47A4-481A-81B3-57ABA5406BE9}.Release|Mixed Platforms.Build.0 = Release|Win32
		{A4467A77-47A4-481A-81B3-57ABA5406BE9}.Release|Win32.ActiveCfg = Release|Win32
		{A4467A77-47A4-481A-81B3-57ABA5406BE9}.Release|Win32.Build.0 = Release|Win32
	EndGlobalSection
	GlobalSection(SolutionProperties) = preSolution
		HideSolutionNode = FALSE
	EndGlobalSection
	GlobalSection(NestedProjects) = preSolution
		{93BED075-A292-4AE2-9773-E44D367421F5} = {4AD53479-EBE4-43E9-B62C-F2D4B3FF73AC}
		{37952EC3-3BF8-401F-9ECE-A0B51CED8E60} = {4AD53479-EBE4-43E9-B62C-F2D4B3FF73AC}
		{50AA4F82-ED26-4C99-AB60-641462124303} = {8C744DF6-5426-491F-97E4-6EA7C7EEB637}
		{1D5C9E06-99C6-495A-8E6E-7DAD4A630602} = {8C744DF6-5426-491F-97E4-6EA7C7EEB637}
		{F30367F2-5562-4F6B-9439-FB8171A6A87E} = {07D48665-0B8E-4B8D-B164-417C7B328860}
		{362DA176-2019-4E5D-8325-CE5FD8A220A9} = {07D48665-0B8E-4B8D-B164-417C7B328860}
		{ED55E602-AD89-4BF9-9651-831C6DDD733F} = {FE365F8A-E286-4B71-9F7E-7EC55079E512}
		{E443369E-B542-4A1F-8792-0E8092F0C066} = {FE365F8A-E286-4B71-9F7E-7EC55079E512}
		{1517FF99-E9D2-4311-9922-EFB9DBFC4CEC} = {78CBAFCD-CA30-4EA4-9F95-13F941E16E8B}
		{B755D349-3F3A-48F2-8BF5-51D66213E108} = {78CBAFCD-CA30-4EA4-9F95-13F941E16E8B}
		{C92FCC44-9CD9-4961-8E18-9604BA8EDB89} = {00C92830-554C-43F3-B6B7-D98529AC84D7}
		{291F3339-D4D9-4892-8E7C-8DD8F0B6F5EE} = {00C92830-554C-43F3-B6B7-D98529AC84D7}
		{98C36459-EEC1-465B-BB9C-D90CBCB7B714} = {DB42FD7C-D8F1-4F17-9F06-3AE9DEA04C7A}
		{A4467A77-47A4-481A-81B3-57ABA5406BE9} = {DB42FD7C-D8F1-4F17-9F06-3AE9DEA04C7A}
	EndGlobalSection
	GlobalSection(ExtensibilityGlobals) = postSolution
		SolutionGuid = {0285D618-CCC4-45B9-8DA1-11EE8C047A55}
	EndGlobalSection
EndGlobal
