
Microsoft Visual Studio Solution File, Format Version 12.00
# Visual Studio Version 17
VisualStudioVersion = 17.10.35122.118
MinimumVisualStudioVersion = 10.0.40219.1
Project("{00D1A9C2-B5F0-4AF3-8072-F6C62B433612}") = "FuelsManagerDB", "FuelsManagerDB.sqlproj", "{7F667BA9-8731-445B-9CBC-18F40B02E318}"
EndProject
Global
	GlobalSection(SolutionConfigurationPlatforms) = preSolution
		Debug|Any CPU = Debug|Any CPU
		Release|Any CPU = Release|Any CPU
	EndGlobalSection
	GlobalSection(ProjectConfigurationPlatforms) = postSolution
		{7F667BA9-8731-445B-9CBC-18F40B02E318}.Debug|Any CPU.ActiveCfg = Debug|Any CPU
		{7F667BA9-8731-445B-9CBC-18F40B02E318}.Debug|Any CPU.Build.0 = Debug|Any CPU
		{7F667BA9-8731-445B-9CBC-18F40B02E318}.Debug|Any CPU.Deploy.0 = Debug|Any CPU
		{7F667BA9-8731-445B-9CBC-18F40B02E318}.Release|Any CPU.ActiveCfg = Release|Any CPU
		{7F667BA9-8731-445B-9CBC-18F40B02E318}.Release|Any CPU.Build.0 = Release|Any CPU
		{7F667BA9-8731-445B-9CBC-18F40B02E318}.Release|Any CPU.Deploy.0 = Release|Any CPU
	EndGlobalSection
	GlobalSection(SolutionProperties) = preSolution
		HideSolutionNode = FALSE
	EndGlobalSection
	GlobalSection(ExtensibilityGlobals) = postSolution
		SolutionGuid = {E954B89F-5DB3-4E79-951E-971FC6ABBBA2}
	EndGlobalSection
EndGlobal
