Microsoft Visual Studio Solution File, Format Version 12.00
# Visual Studio 2013
VisualStudioVersion = 12.0.21005.1
MinimumVisualStudioVersion = 10.0.40219.1
Project("{00D1A9C2-B5F0-4AF3-8072-F6C62B433612}") = "FuelsManagerNSPA", "..\FuelsManagerNSPA\FuelsManagerNSPA.sqlproj", "{7DD44E83-DE04-4B3F-911C-321B0F2440BA}"
EndProject
Global
	GlobalSection(TeamFoundationVersionControl) = preSolution
		SccNumberOfProjects = 2
		SccEnterpriseProvider = {4CA58AB2-18FA-4F8D-95D4-32DDF27D184C}
		SccTeamFoundationServer = http://ser-1552-team10:8080/tfs/varec
		SccLocalPath0 = .
		SccProjectUniqueName1 = ..\\FuelsManagerNSPA\\FuelsManagerNSPA.sqlproj
		SccProjectName1 = ..\\FuelsManagerNSPA
		SccLocalPath1 = ..\\FuelsManagerNSPA
	EndGlobalSection
	GlobalSection(SolutionConfigurationPlatforms) = preSolution
		Debug|Any CPU = Debug|Any CPU
		Debug|Mixed Platforms = Debug|Mixed Platforms
		Release|Any CPU = Release|Any CPU
		Release|Mixed Platforms = Release|Mixed Platforms
	EndGlobalSection
	GlobalSection(ProjectConfigurationPlatforms) = postSolution
		{7DD44E83-DE04-4B3F-911C-321B0F2440BA}.Debug|Any CPU.ActiveCfg = Debug|Any CPU
		{7DD44E83-DE04-4B3F-911C-321B0F2440BA}.Debug|Any CPU.Build.0 = Debug|Any CPU
		{7DD44E83-DE04-4B3F-911C-321B0F2440BA}.Debug|Any CPU.Deploy.0 = Debug|Any CPU
		{7DD44E83-DE04-4B3F-911C-321B0F2440BA}.Debug|Mixed Platforms.ActiveCfg = Debug|Any CPU
		{7DD44E83-DE04-4B3F-911C-321B0F2440BA}.Debug|Mixed Platforms.Build.0 = Debug|Any CPU
		{7DD44E83-DE04-4B3F-911C-321B0F2440BA}.Debug|Mixed Platforms.Deploy.0 = Debug|Any CPU
		{7DD44E83-DE04-4B3F-911C-321B0F2440BA}.Release|Any CPU.ActiveCfg = Release|Any CPU
		{7DD44E83-DE04-4B3F-911C-321B0F2440BA}.Release|Any CPU.Build.0 = Release|Any CPU
		{7DD44E83-DE04-4B3F-911C-321B0F2440BA}.Release|Any CPU.Deploy.0 = Release|Any CPU
		{7DD44E83-DE04-4B3F-911C-321B0F2440BA}.Release|Mixed Platforms.ActiveCfg = Release|Any CPU
		{7DD44E83-DE04-4B3F-911C-321B0F2440BA}.Release|Mixed Platforms.Build.0 = Release|Any CPU
		{7DD44E83-DE04-4B3F-911C-321B0F2440BA}.Release|Mixed Platforms.Deploy.0 = Release|Any CPU
	EndGlobalSection
	GlobalSection(SolutionProperties) = preSolution
		HideSolutionNode = FALSE
	EndGlobalSection
	GlobalSection(NestedProjects) = preSolution
	EndGlobalSection
EndGlobal
