
Microsoft Visual Studio Solution File, Format Version 12.00
# Visual Studio 15
VisualStudioVersion = 15.0.28307.705
MinimumVisualStudioVersion = 10.0.40219.1
Project("{159641D6-6404-4A2A-AE62-294DE0FE8301}") = "FuelsManagerArchiveSSIS", "FuelsManagerArchiveSSIS\FuelsManagerArchiveSSIS.dtproj", "{78EDFB05-DDA6-44DA-8288-33B1875F95B7}"
EndProject
Global
	GlobalSection(SolutionConfigurationPlatforms) = preSolution
		Development|Default = Development|Default
	EndGlobalSection
	GlobalSection(ProjectConfigurationPlatforms) = postSolution
		{78EDFB05-DDA6-44DA-8288-33B1875F95B7}.Development|Default.ActiveCfg = Development
		{78EDFB05-DDA6-44DA-8288-33B1875F95B7}.Development|Default.Build.0 = Development
	EndGlobalSection
	GlobalSection(SolutionProperties) = preSolution
		HideSolutionNode = FALSE
	EndGlobalSection
	GlobalSection(ExtensibilityGlobals) = postSolution
		SolutionGuid = {C1A50226-9394-43BC-9441-71625F1CF2F6}
	EndGlobalSection
EndGlobal
