
Microsoft Visual Studio Solution File, Format Version 12.00
# Visual Studio 2012
Project("{FAE04EC0-301F-11D3-BF4B-00C04F79EFBC}") = "VCEFDecrypter", "VCEFDecrypter.csproj", "{BD7B9347-4BB5-4DF9-B43A-C4747DF152A0}"
EndProject
Global
	GlobalSection(TeamFoundationVersionControl) = preSolution
		SccNumberOfProjects = 2
		SccEnterpriseProvider = {4CA58AB2-18FA-4F8D-95D4-32DDF27D184C}
		SccTeamFoundationServer = http://ser-1552-team10:8080/tfs/varec
		SccLocalPath0 = .
		SccProjectUniqueName1 = VCEFDecrypter.csproj
		SccLocalPath1 = .
	EndGlobalSection
	GlobalSection(SolutionConfigurationPlatforms) = preSolution
		Debug|Any CPU = Debug|Any CPU
		Release|Any CPU = Release|Any CPU
	EndGlobalSection
	GlobalSection(ProjectConfigurationPlatforms) = postSolution
		{BD7B9347-4BB5-4DF9-B43A-C4747DF152A0}.Debug|Any CPU.ActiveCfg = Debug|Any CPU
		{BD7B9347-4BB5-4DF9-B43A-C4747DF152A0}.Debug|Any CPU.Build.0 = Debug|Any CPU
		{BD7B9347-4BB5-4DF9-B43A-C4747DF152A0}.Release|Any CPU.ActiveCfg = Release|Any CPU
		{BD7B9347-4BB5-4DF9-B43A-C4747DF152A0}.Release|Any CPU.Build.0 = Release|Any CPU
	EndGlobalSection
	GlobalSection(SolutionProperties) = preSolution
		HideSolutionNode = FALSE
	EndGlobalSection
EndGlobal
