
Microsoft Visual Studio Solution File, Format Version 12.00
# Visual Studio Version 17
VisualStudioVersion = 17.10.35004.147
MinimumVisualStudioVersion = 10.0.40219.1
Project("{9A19103F-16F7-4668-BE54-9A1E7A4F7556}") = "MockFCETool", "MockFCETool.csproj", "{36A0D01E-D7E2-429B-9F3F-EFBCE42B9CA3}"
EndProject
Global
	GlobalSection(SolutionConfigurationPlatforms) = preSolution
		Debug|Any CPU = Debug|Any CPU
		Release|Any CPU = Release|Any CPU
	EndGlobalSection
	GlobalSection(ProjectConfigurationPlatforms) = postSolution
		{36A0D01E-D7E2-429B-9F3F-EFBCE42B9CA3}.Debug|Any CPU.ActiveCfg = Debug|Any CPU
		{36A0D01E-D7E2-429B-9F3F-EFBCE42B9CA3}.Debug|Any CPU.Build.0 = Debug|Any CPU
		{36A0D01E-D7E2-429B-9F3F-EFBCE42B9CA3}.Release|Any CPU.ActiveCfg = Release|Any CPU
		{36A0D01E-D7E2-429B-9F3F-EFBCE42B9CA3}.Release|Any CPU.Build.0 = Release|Any CPU
	EndGlobalSection
	GlobalSection(SolutionProperties) = preSolution
		HideSolutionNode = FALSE
	EndGlobalSection
	GlobalSection(ExtensibilityGlobals) = postSolution
		SolutionGuid = {3C5050F9-8188-480D-9C08-8CA6298114B8}
	EndGlobalSection
EndGlobal
