
Microsoft Visual Studio Solution File, Format Version 12.00
# Visual Studio Version 16
VisualStudioVersion = 16.0.30011.22
MinimumVisualStudioVersion = 10.0.40219.1
Project("{00D1A9C2-B5F0-4AF3-8072-F6C62B433612}") = "FuelsManagerDB", "FuelsManager\FuelsManagerDB.sqlproj", "{7F667BA9-8731-445B-9CBC-18F40B02E318}"
	ProjectSection(ProjectDependencies) = postProject
		{DFD18C28-ACDD-4BC3-94A2-29DA3CE8F839} = {DFD18C28-ACDD-4BC3-94A2-29DA3CE8F839}
		{5EE544FB-D5C9-4BAA-87F5-CE480541A5A0} = {5EE544FB-D5C9-4BAA-87F5-CE480541A5A0}
	EndProjectSection
EndProject
Project("{00D1A9C2-B5F0-4AF3-8072-F6C62B433612}") = "FuelsManagerCore", "FuelsManagerCore\FuelsManagerCore.sqlproj", "{77AFE3AC-C736-478C-B76F-784C065B81C2}"
EndProject
Project("{00D1A9C2-B5F0-4AF3-8072-F6C62B433612}") = "FuelsManagerArchive", "FuelsManagerArchive\FuelsManagerArchive.sqlproj", "{DD03D2D3-E02B-4A74-B59F-F22C2092C290}"
EndProject
Project("{FAE04EC0-301F-11D3-BF4B-00C04F79EFBC}") = "LedgerCore", "..\..\LedgerCore\LedgerCore.csproj", "{5A08BB69-46E3-4909-8293-6C2A6A3DABE8}"
EndProject
Project("{00D1A9C2-B5F0-4AF3-8072-F6C62B433612}") = "FuelsManagerSync", "FuelsManagerSync\FuelsManagerSync.sqlproj", "{7D036490-D86D-401C-9F71-56E82344A68B}"
	ProjectSection(ProjectDependencies) = postProject
		{7F667BA9-8731-445B-9CBC-18F40B02E318} = {7F667BA9-8731-445B-9CBC-18F40B02E318}
	EndProjectSection
EndProject
Project("{FAE04EC0-301F-11D3-BF4B-00C04F79EFBC}") = "FMDatabase.SqlServer.Clr", "..\..\FMDatabase.SqlServer.Clr\FMDatabase.SqlServer.Clr.csproj", "{5DA2A174-A1AE-436F-B58A-CB943B625754}"
EndProject
Project("{FAE04EC0-301F-11D3-BF4B-00C04F79EFBC}") = "FMPointTagArchive.Core.Interfaces", "..\..\FMPointTagArchive.Core.Interfaces\FMPointTagArchive.Core.Interfaces.csproj", "{5EE544FB-D5C9-4BAA-87F5-CE480541A5A0}"
EndProject
Project("{FAE04EC0-301F-11D3-BF4B-00C04F79EFBC}") = "FMPointTagArchive.Core", "..\..\FMPointTagArchive.Core\FMPointTagArchive.Core.csproj", "{DFD18C28-ACDD-4BC3-94A2-29DA3CE8F839}"
EndProject
Global
	GlobalSection(SolutionConfigurationPlatforms) = preSolution
		Debug with OPC|Any CPU = Debug with OPC|Any CPU
		Debug with OPC|Mixed Platforms = Debug with OPC|Mixed Platforms
		Debug with OPC|Win32 = Debug with OPC|Win32
		Debug with OPC|x64 = Debug with OPC|x64
		Debug with OPC|x86 = Debug with OPC|x86
		Debug|Any CPU = Debug|Any CPU
		Debug|Mixed Platforms = Debug|Mixed Platforms
		Debug|Win32 = Debug|Win32
		Debug|x64 = Debug|x64
		Debug|x86 = Debug|x86
		Release with OPC|Any CPU = Release with OPC|Any CPU
		Release with OPC|Mixed Platforms = Release with OPC|Mixed Platforms
		Release with OPC|Win32 = Release with OPC|Win32
		Release with OPC|x64 = Release with OPC|x64
		Release with OPC|x86 = Release with OPC|x86
		Release|Any CPU = Release|Any CPU
		Release|Mixed Platforms = Release|Mixed Platforms
		Release|Win32 = Release|Win32
		Release|x64 = Release|x64
		Release|x86 = Release|x86
	EndGlobalSection
	GlobalSection(ProjectConfigurationPlatforms) = postSolution
		{7F667BA9-8731-445B-9CBC-18F40B02E318}.Debug with OPC|Any CPU.ActiveCfg = Debug|Any CPU
		{7F667BA9-8731-445B-9CBC-18F40B02E318}.Debug with OPC|Any CPU.Build.0 = Debug|Any CPU
		{7F667BA9-8731-445B-9CBC-18F40B02E318}.Debug with OPC|Any CPU.Deploy.0 = Debug|Any CPU
		{7F667BA9-8731-445B-9CBC-18F40B02E318}.Debug with OPC|Mixed Platforms.ActiveCfg = Debug|Any CPU
		{7F667BA9-8731-445B-9CBC-18F40B02E318}.Debug with OPC|Mixed Platforms.Build.0 = Debug|Any CPU
		{7F667BA9-8731-445B-9CBC-18F40B02E318}.Debug with OPC|Mixed Platforms.Deploy.0 = Debug|Any CPU
		{7F667BA9-8731-445B-9CBC-18F40B02E318}.Debug with OPC|Win32.ActiveCfg = Debug|Any CPU
		{7F667BA9-8731-445B-9CBC-18F40B02E318}.Debug with OPC|Win32.Build.0 = Debug|Any CPU
		{7F667BA9-8731-445B-9CBC-18F40B02E318}.Debug with OPC|Win32.Deploy.0 = Debug|Any CPU
		{7F667BA9-8731-445B-9CBC-18F40B02E318}.Debug with OPC|x64.ActiveCfg = Debug|Any CPU
		{7F667BA9-8731-445B-9CBC-18F40B02E318}.Debug with OPC|x64.Build.0 = Debug|Any CPU
		{7F667BA9-8731-445B-9CBC-18F40B02E318}.Debug with OPC|x64.Deploy.0 = Debug|Any CPU
		{7F667BA9-8731-445B-9CBC-18F40B02E318}.Debug with OPC|x86.ActiveCfg = Debug|Any CPU
		{7F667BA9-8731-445B-9CBC-18F40B02E318}.Debug with OPC|x86.Build.0 = Debug|Any CPU
		{7F667BA9-8731-445B-9CBC-18F40B02E318}.Debug with OPC|x86.Deploy.0 = Debug|Any CPU
		{7F667BA9-8731-445B-9CBC-18F40B02E318}.Debug|Any CPU.ActiveCfg = Debug|Any CPU
		{7F667BA9-8731-445B-9CBC-18F40B02E318}.Debug|Any CPU.Build.0 = Debug|Any CPU
		{7F667BA9-8731-445B-9CBC-18F40B02E318}.Debug|Any CPU.Deploy.0 = Debug|Any CPU
		{7F667BA9-8731-445B-9CBC-18F40B02E318}.Debug|Mixed Platforms.ActiveCfg = Debug|Any CPU
		{7F667BA9-8731-445B-9CBC-18F40B02E318}.Debug|Mixed Platforms.Build.0 = Debug|Any CPU
		{7F667BA9-8731-445B-9CBC-18F40B02E318}.Debug|Mixed Platforms.Deploy.0 = Debug|Any CPU
		{7F667BA9-8731-445B-9CBC-18F40B02E318}.Debug|Win32.ActiveCfg = Debug|Any CPU
		{7F667BA9-8731-445B-9CBC-18F40B02E318}.Debug|Win32.Build.0 = Debug|Any CPU
		{7F667BA9-8731-445B-9CBC-18F40B02E318}.Debug|Win32.Deploy.0 = Debug|Any CPU
		{7F667BA9-8731-445B-9CBC-18F40B02E318}.Debug|x64.ActiveCfg = Debug|Any CPU
		{7F667BA9-8731-445B-9CBC-18F40B02E318}.Debug|x64.Build.0 = Debug|Any CPU
		{7F667BA9-8731-445B-9CBC-18F40B02E318}.Debug|x64.Deploy.0 = Debug|Any CPU
		{7F667BA9-8731-445B-9CBC-18F40B02E318}.Debug|x86.ActiveCfg = Debug|Any CPU
		{7F667BA9-8731-445B-9CBC-18F40B02E318}.Debug|x86.Build.0 = Debug|Any CPU
		{7F667BA9-8731-445B-9CBC-18F40B02E318}.Debug|x86.Deploy.0 = Debug|Any CPU
		{7F667BA9-8731-445B-9CBC-18F40B02E318}.Release with OPC|Any CPU.ActiveCfg = Release|Any CPU
		{7F667BA9-8731-445B-9CBC-18F40B02E318}.Release with OPC|Any CPU.Build.0 = Release|Any CPU
		{7F667BA9-8731-445B-9CBC-18F40B02E318}.Release with OPC|Any CPU.Deploy.0 = Release|Any CPU
		{7F667BA9-8731-445B-9CBC-18F40B02E318}.Release with OPC|Mixed Platforms.ActiveCfg = Release|Any CPU
		{7F667BA9-8731-445B-9CBC-18F40B02E318}.Release with OPC|Mixed Platforms.Build.0 = Release|Any CPU
		{7F667BA9-8731-445B-9CBC-18F40B02E318}.Release with OPC|Mixed Platforms.Deploy.0 = Release|Any CPU
		{7F667BA9-8731-445B-9CBC-18F40B02E318}.Release with OPC|Win32.ActiveCfg = Release|Any CPU
		{7F667BA9-8731-445B-9CBC-18F40B02E318}.Release with OPC|Win32.Build.0 = Release|Any CPU
		{7F667BA9-8731-445B-9CBC-18F40B02E318}.Release with OPC|Win32.Deploy.0 = Release|Any CPU
		{7F667BA9-8731-445B-9CBC-18F40B02E318}.Release with OPC|x64.ActiveCfg = Release|Any CPU
		{7F667BA9-8731-445B-9CBC-18F40B02E318}.Release with OPC|x64.Build.0 = Release|Any CPU
		{7F667BA9-8731-445B-9CBC-18F40B02E318}.Release with OPC|x64.Deploy.0 = Release|Any CPU
		{7F667BA9-8731-445B-9CBC-18F40B02E318}.Release with OPC|x86.ActiveCfg = Release|Any CPU
		{7F667BA9-8731-445B-9CBC-18F40B02E318}.Release with OPC|x86.Build.0 = Release|Any CPU
		{7F667BA9-8731-445B-9CBC-18F40B02E318}.Release with OPC|x86.Deploy.0 = Release|Any CPU
		{7F667BA9-8731-445B-9CBC-18F40B02E318}.Release|Any CPU.ActiveCfg = Release|Any CPU
		{7F667BA9-8731-445B-9CBC-18F40B02E318}.Release|Any CPU.Build.0 = Release|Any CPU
		{7F667BA9-8731-445B-9CBC-18F40B02E318}.Release|Any CPU.Deploy.0 = Release|Any CPU
		{7F667BA9-8731-445B-9CBC-18F40B02E318}.Release|Mixed Platforms.ActiveCfg = Release|Any CPU
		{7F667BA9-8731-445B-9CBC-18F40B02E318}.Release|Mixed Platforms.Build.0 = Release|Any CPU
		{7F667BA9-8731-445B-9CBC-18F40B02E318}.Release|Mixed Platforms.Deploy.0 = Release|Any CPU
		{7F667BA9-8731-445B-9CBC-18F40B02E318}.Release|Win32.ActiveCfg = Release|Any CPU
		{7F667BA9-8731-445B-9CBC-18F40B02E318}.Release|Win32.Build.0 = Release|Any CPU
		{7F667BA9-8731-445B-9CBC-18F40B02E318}.Release|Win32.Deploy.0 = Release|Any CPU
		{7F667BA9-8731-445B-9CBC-18F40B02E318}.Release|x64.ActiveCfg = Release|Any CPU
		{7F667BA9-8731-445B-9CBC-18F40B02E318}.Release|x64.Build.0 = Release|Any CPU
		{7F667BA9-8731-445B-9CBC-18F40B02E318}.Release|x64.Deploy.0 = Release|Any CPU
		{7F667BA9-8731-445B-9CBC-18F40B02E318}.Release|x86.ActiveCfg = Release|Any CPU
		{7F667BA9-8731-445B-9CBC-18F40B02E318}.Release|x86.Build.0 = Release|Any CPU
		{7F667BA9-8731-445B-9CBC-18F40B02E318}.Release|x86.Deploy.0 = Release|Any CPU
		{77AFE3AC-C736-478C-B76F-784C065B81C2}.Debug with OPC|Any CPU.ActiveCfg = Debug|Any CPU
		{77AFE3AC-C736-478C-B76F-784C065B81C2}.Debug with OPC|Any CPU.Build.0 = Debug|Any CPU
		{77AFE3AC-C736-478C-B76F-784C065B81C2}.Debug with OPC|Any CPU.Deploy.0 = Debug|Any CPU
		{77AFE3AC-C736-478C-B76F-784C065B81C2}.Debug with OPC|Mixed Platforms.ActiveCfg = Debug|Any CPU
		{77AFE3AC-C736-478C-B76F-784C065B81C2}.Debug with OPC|Mixed Platforms.Build.0 = Debug|Any CPU
		{77AFE3AC-C736-478C-B76F-784C065B81C2}.Debug with OPC|Mixed Platforms.Deploy.0 = Debug|Any CPU
		{77AFE3AC-C736-478C-B76F-784C065B81C2}.Debug with OPC|Win32.ActiveCfg = Debug|Any CPU
		{77AFE3AC-C736-478C-B76F-784C065B81C2}.Debug with OPC|Win32.Build.0 = Debug|Any CPU
		{77AFE3AC-C736-478C-B76F-784C065B81C2}.Debug with OPC|Win32.Deploy.0 = Debug|Any CPU
		{77AFE3AC-C736-478C-B76F-784C065B81C2}.Debug with OPC|x64.ActiveCfg = Debug|Any CPU
		{77AFE3AC-C736-478C-B76F-784C065B81C2}.Debug with OPC|x64.Build.0 = Debug|Any CPU
		{77AFE3AC-C736-478C-B76F-784C065B81C2}.Debug with OPC|x64.Deploy.0 = Debug|Any CPU
		{77AFE3AC-C736-478C-B76F-784C065B81C2}.Debug with OPC|x86.ActiveCfg = Debug|Any CPU
		{77AFE3AC-C736-478C-B76F-784C065B81C2}.Debug with OPC|x86.Build.0 = Debug|Any CPU
		{77AFE3AC-C736-478C-B76F-784C065B81C2}.Debug with OPC|x86.Deploy.0 = Debug|Any CPU
		{77AFE3AC-C736-478C-B76F-784C065B81C2}.Debug|Any CPU.ActiveCfg = Debug|Any CPU
		{77AFE3AC-C736-478C-B76F-784C065B81C2}.Debug|Any CPU.Build.0 = Debug|Any CPU
		{77AFE3AC-C736-478C-B76F-784C065B81C2}.Debug|Any CPU.Deploy.0 = Debug|Any CPU
		{77AFE3AC-C736-478C-B76F-784C065B81C2}.Debug|Mixed Platforms.ActiveCfg = Debug|Any CPU
		{77AFE3AC-C736-478C-B76F-784C065B81C2}.Debug|Mixed Platforms.Build.0 = Debug|Any CPU
		{77AFE3AC-C736-478C-B76F-784C065B81C2}.Debug|Mixed Platforms.Deploy.0 = Debug|Any CPU
		{77AFE3AC-C736-478C-B76F-784C065B81C2}.Debug|Win32.ActiveCfg = Debug|Any CPU
		{77AFE3AC-C736-478C-B76F-784C065B81C2}.Debug|Win32.Build.0 = Debug|Any CPU
		{77AFE3AC-C736-478C-B76F-784C065B81C2}.Debug|Win32.Deploy.0 = Debug|Any CPU
		{77AFE3AC-C736-478C-B76F-784C065B81C2}.Debug|x64.ActiveCfg = Debug|Any CPU
		{77AFE3AC-C736-478C-B76F-784C065B81C2}.Debug|x64.Build.0 = Debug|Any CPU
		{77AFE3AC-C736-478C-B76F-784C065B81C2}.Debug|x64.Deploy.0 = Debug|Any CPU
		{77AFE3AC-C736-478C-B76F-784C065B81C2}.Debug|x86.ActiveCfg = Debug|Any CPU
		{77AFE3AC-C736-478C-B76F-784C065B81C2}.Debug|x86.Build.0 = Debug|Any CPU
		{77AFE3AC-C736-478C-B76F-784C065B81C2}.Debug|x86.Deploy.0 = Debug|Any CPU
		{77AFE3AC-C736-478C-B76F-784C065B81C2}.Release with OPC|Any CPU.ActiveCfg = Release|Any CPU
		{77AFE3AC-C736-478C-B76F-784C065B81C2}.Release with OPC|Any CPU.Build.0 = Release|Any CPU
		{77AFE3AC-C736-478C-B76F-784C065B81C2}.Release with OPC|Any CPU.Deploy.0 = Release|Any CPU
		{77AFE3AC-C736-478C-B76F-784C065B81C2}.Release with OPC|Mixed Platforms.ActiveCfg = Release|Any CPU
		{77AFE3AC-C736-478C-B76F-784C065B81C2}.Release with OPC|Mixed Platforms.Build.0 = Release|Any CPU
		{77AFE3AC-C736-478C-B76F-784C065B81C2}.Release with OPC|Mixed Platforms.Deploy.0 = Release|Any CPU
		{77AFE3AC-C736-478C-B76F-784C065B81C2}.Release with OPC|Win32.ActiveCfg = Release|Any CPU
		{77AFE3AC-C736-478C-B76F-784C065B81C2}.Release with OPC|Win32.Build.0 = Release|Any CPU
		{77AFE3AC-C736-478C-B76F-784C065B81C2}.Release with OPC|Win32.Deploy.0 = Release|Any CPU
		{77AFE3AC-C736-478C-B76F-784C065B81C2}.Release with OPC|x64.ActiveCfg = Release|Any CPU
		{77AFE3AC-C736-478C-B76F-784C065B81C2}.Release with OPC|x64.Build.0 = Release|Any CPU
		{77AFE3AC-C736-478C-B76F-784C065B81C2}.Release with OPC|x64.Deploy.0 = Release|Any CPU
		{77AFE3AC-C736-478C-B76F-784C065B81C2}.Release with OPC|x86.ActiveCfg = Release|Any CPU
		{77AFE3AC-C736-478C-B76F-784C065B81C2}.Release with OPC|x86.Build.0 = Release|Any CPU
		{77AFE3AC-C736-478C-B76F-784C065B81C2}.Release with OPC|x86.Deploy.0 = Release|Any CPU
		{77AFE3AC-C736-478C-B76F-784C065B81C2}.Release|Any CPU.ActiveCfg = Release|Any CPU
		{77AFE3AC-C736-478C-B76F-784C065B81C2}.Release|Any CPU.Build.0 = Release|Any CPU
		{77AFE3AC-C736-478C-B76F-784C065B81C2}.Release|Any CPU.Deploy.0 = Release|Any CPU
		{77AFE3AC-C736-478C-B76F-784C065B81C2}.Release|Mixed Platforms.ActiveCfg = Release|Any CPU
		{77AFE3AC-C736-478C-B76F-784C065B81C2}.Release|Mixed Platforms.Build.0 = Release|Any CPU
		{77AFE3AC-C736-478C-B76F-784C065B81C2}.Release|Mixed Platforms.Deploy.0 = Release|Any CPU
		{77AFE3AC-C736-478C-B76F-784C065B81C2}.Release|Win32.ActiveCfg = Release|Any CPU
		{77AFE3AC-C736-478C-B76F-784C065B81C2}.Release|Win32.Build.0 = Release|Any CPU
		{77AFE3AC-C736-478C-B76F-784C065B81C2}.Release|Win32.Deploy.0 = Release|Any CPU
		{77AFE3AC-C736-478C-B76F-784C065B81C2}.Release|x64.ActiveCfg = Release|Any CPU
		{77AFE3AC-C736-478C-B76F-784C065B81C2}.Release|x64.Build.0 = Release|Any CPU
		{77AFE3AC-C736-478C-B76F-784C065B81C2}.Release|x64.Deploy.0 = Release|Any CPU
		{77AFE3AC-C736-478C-B76F-784C065B81C2}.Release|x86.ActiveCfg = Release|Any CPU
		{77AFE3AC-C736-478C-B76F-784C065B81C2}.Release|x86.Build.0 = Release|Any CPU
		{77AFE3AC-C736-478C-B76F-784C065B81C2}.Release|x86.Deploy.0 = Release|Any CPU
		{DD03D2D3-E02B-4A74-B59F-F22C2092C290}.Debug with OPC|Any CPU.ActiveCfg = Debug|Any CPU
		{DD03D2D3-E02B-4A74-B59F-F22C2092C290}.Debug with OPC|Any CPU.Build.0 = Debug|Any CPU
		{DD03D2D3-E02B-4A74-B59F-F22C2092C290}.Debug with OPC|Any CPU.Deploy.0 = Debug|Any CPU
		{DD03D2D3-E02B-4A74-B59F-F22C2092C290}.Debug with OPC|Mixed Platforms.ActiveCfg = Debug|Any CPU
		{DD03D2D3-E02B-4A74-B59F-F22C2092C290}.Debug with OPC|Mixed Platforms.Build.0 = Debug|Any CPU
		{DD03D2D3-E02B-4A74-B59F-F22C2092C290}.Debug with OPC|Mixed Platforms.Deploy.0 = Debug|Any CPU
		{DD03D2D3-E02B-4A74-B59F-F22C2092C290}.Debug with OPC|Win32.ActiveCfg = Debug|Any CPU
		{DD03D2D3-E02B-4A74-B59F-F22C2092C290}.Debug with OPC|Win32.Build.0 = Debug|Any CPU
		{DD03D2D3-E02B-4A74-B59F-F22C2092C290}.Debug with OPC|Win32.Deploy.0 = Debug|Any CPU
		{DD03D2D3-E02B-4A74-B59F-F22C2092C290}.Debug with OPC|x64.ActiveCfg = Debug|Any CPU
		{DD03D2D3-E02B-4A74-B59F-F22C2092C290}.Debug with OPC|x64.Build.0 = Debug|Any CPU
		{DD03D2D3-E02B-4A74-B59F-F22C2092C290}.Debug with OPC|x64.Deploy.0 = Debug|Any CPU
		{DD03D2D3-E02B-4A74-B59F-F22C2092C290}.Debug with OPC|x86.ActiveCfg = Debug|Any CPU
		{DD03D2D3-E02B-4A74-B59F-F22C2092C290}.Debug with OPC|x86.Build.0 = Debug|Any CPU
		{DD03D2D3-E02B-4A74-B59F-F22C2092C290}.Debug with OPC|x86.Deploy.0 = Debug|Any CPU
		{DD03D2D3-E02B-4A74-B59F-F22C2092C290}.Debug|Any CPU.ActiveCfg = Debug|Any CPU
		{DD03D2D3-E02B-4A74-B59F-F22C2092C290}.Debug|Any CPU.Build.0 = Debug|Any CPU
		{DD03D2D3-E02B-4A74-B59F-F22C2092C290}.Debug|Any CPU.Deploy.0 = Debug|Any CPU
		{DD03D2D3-E02B-4A74-B59F-F22C2092C290}.Debug|Mixed Platforms.ActiveCfg = Debug|Any CPU
		{DD03D2D3-E02B-4A74-B59F-F22C2092C290}.Debug|Mixed Platforms.Build.0 = Debug|Any CPU
		{DD03D2D3-E02B-4A74-B59F-F22C2092C290}.Debug|Mixed Platforms.Deploy.0 = Debug|Any CPU
		{DD03D2D3-E02B-4A74-B59F-F22C2092C290}.Debug|Win32.ActiveCfg = Debug|Any CPU
		{DD03D2D3-E02B-4A74-B59F-F22C2092C290}.Debug|Win32.Build.0 = Debug|Any CPU
		{DD03D2D3-E02B-4A74-B59F-F22C2092C290}.Debug|Win32.Deploy.0 = Debug|Any CPU
		{DD03D2D3-E02B-4A74-B59F-F22C2092C290}.Debug|x64.ActiveCfg = Debug|Any CPU
		{DD03D2D3-E02B-4A74-B59F-F22C2092C290}.Debug|x64.Build.0 = Debug|Any CPU
		{DD03D2D3-E02B-4A74-B59F-F22C2092C290}.Debug|x64.Deploy.0 = Debug|Any CPU
		{DD03D2D3-E02B-4A74-B59F-F22C2092C290}.Debug|x86.ActiveCfg = Debug|Any CPU
		{DD03D2D3-E02B-4A74-B59F-F22C2092C290}.Debug|x86.Build.0 = Debug|Any CPU
		{DD03D2D3-E02B-4A74-B59F-F22C2092C290}.Debug|x86.Deploy.0 = Debug|Any CPU
		{DD03D2D3-E02B-4A74-B59F-F22C2092C290}.Release with OPC|Any CPU.ActiveCfg = Release|Any CPU
		{DD03D2D3-E02B-4A74-B59F-F22C2092C290}.Release with OPC|Any CPU.Build.0 = Release|Any CPU
		{DD03D2D3-E02B-4A74-B59F-F22C2092C290}.Release with OPC|Any CPU.Deploy.0 = Release|Any CPU
		{DD03D2D3-E02B-4A74-B59F-F22C2092C290}.Release with OPC|Mixed Platforms.ActiveCfg = Release|Any CPU
		{DD03D2D3-E02B-4A74-B59F-F22C2092C290}.Release with OPC|Mixed Platforms.Build.0 = Release|Any CPU
		{DD03D2D3-E02B-4A74-B59F-F22C2092C290}.Release with OPC|Mixed Platforms.Deploy.0 = Release|Any CPU
		{DD03D2D3-E02B-4A74-B59F-F22C2092C290}.Release with OPC|Win32.ActiveCfg = Release|Any CPU
		{DD03D2D3-E02B-4A74-B59F-F22C2092C290}.Release with OPC|Win32.Build.0 = Release|Any CPU
		{DD03D2D3-E02B-4A74-B59F-F22C2092C290}.Release with OPC|Win32.Deploy.0 = Release|Any CPU
		{DD03D2D3-E02B-4A74-B59F-F22C2092C290}.Release with OPC|x64.ActiveCfg = Release|Any CPU
		{DD03D2D3-E02B-4A74-B59F-F22C2092C290}.Release with OPC|x64.Build.0 = Release|Any CPU
		{DD03D2D3-E02B-4A74-B59F-F22C2092C290}.Release with OPC|x64.Deploy.0 = Release|Any CPU
		{DD03D2D3-E02B-4A74-B59F-F22C2092C290}.Release with OPC|x86.ActiveCfg = Release|Any CPU
		{DD03D2D3-E02B-4A74-B59F-F22C2092C290}.Release with OPC|x86.Build.0 = Release|Any CPU
		{DD03D2D3-E02B-4A74-B59F-F22C2092C290}.Release with OPC|x86.Deploy.0 = Release|Any CPU
		{DD03D2D3-E02B-4A74-B59F-F22C2092C290}.Release|Any CPU.ActiveCfg = Release|Any CPU
		{DD03D2D3-E02B-4A74-B59F-F22C2092C290}.Release|Any CPU.Build.0 = Release|Any CPU
		{DD03D2D3-E02B-4A74-B59F-F22C2092C290}.Release|Any CPU.Deploy.0 = Release|Any CPU
		{DD03D2D3-E02B-4A74-B59F-F22C2092C290}.Release|Mixed Platforms.ActiveCfg = Release|Any CPU
		{DD03D2D3-E02B-4A74-B59F-F22C2092C290}.Release|Mixed Platforms.Build.0 = Release|Any CPU
		{DD03D2D3-E02B-4A74-B59F-F22C2092C290}.Release|Mixed Platforms.Deploy.0 = Release|Any CPU
		{DD03D2D3-E02B-4A74-B59F-F22C2092C290}.Release|Win32.ActiveCfg = Release|Any CPU
		{DD03D2D3-E02B-4A74-B59F-F22C2092C290}.Release|Win32.Build.0 = Release|Any CPU
		{DD03D2D3-E02B-4A74-B59F-F22C2092C290}.Release|Win32.Deploy.0 = Release|Any CPU
		{DD03D2D3-E02B-4A74-B59F-F22C2092C290}.Release|x64.ActiveCfg = Release|Any CPU
		{DD03D2D3-E02B-4A74-B59F-F22C2092C290}.Release|x64.Build.0 = Release|Any CPU
		{DD03D2D3-E02B-4A74-B59F-F22C2092C290}.Release|x64.Deploy.0 = Release|Any CPU
		{DD03D2D3-E02B-4A74-B59F-F22C2092C290}.Release|x86.ActiveCfg = Release|Any CPU
		{DD03D2D3-E02B-4A74-B59F-F22C2092C290}.Release|x86.Build.0 = Release|Any CPU
		{DD03D2D3-E02B-4A74-B59F-F22C2092C290}.Release|x86.Deploy.0 = Release|Any CPU
		{5A08BB69-46E3-4909-8293-6C2A6A3DABE8}.Debug with OPC|Any CPU.ActiveCfg = Debug|Any CPU
		{5A08BB69-46E3-4909-8293-6C2A6A3DABE8}.Debug with OPC|Any CPU.Build.0 = Debug|Any CPU
		{5A08BB69-46E3-4909-8293-6C2A6A3DABE8}.Debug with OPC|Mixed Platforms.ActiveCfg = Debug|Any CPU
		{5A08BB69-46E3-4909-8293-6C2A6A3DABE8}.Debug with OPC|Mixed Platforms.Build.0 = Debug|Any CPU
		{5A08BB69-46E3-4909-8293-6C2A6A3DABE8}.Debug with OPC|Win32.ActiveCfg = Debug|Any CPU
		{5A08BB69-46E3-4909-8293-6C2A6A3DABE8}.Debug with OPC|Win32.Build.0 = Debug|Any CPU
		{5A08BB69-46E3-4909-8293-6C2A6A3DABE8}.Debug with OPC|x64.ActiveCfg = Debug|Any CPU
		{5A08BB69-46E3-4909-8293-6C2A6A3DABE8}.Debug with OPC|x64.Build.0 = Debug|Any CPU
		{5A08BB69-46E3-4909-8293-6C2A6A3DABE8}.Debug with OPC|x86.ActiveCfg = Debug|Any CPU
		{5A08BB69-46E3-4909-8293-6C2A6A3DABE8}.Debug with OPC|x86.Build.0 = Debug|Any CPU
		{5A08BB69-46E3-4909-8293-6C2A6A3DABE8}.Debug|Any CPU.ActiveCfg = Debug|Any CPU
		{5A08BB69-46E3-4909-8293-6C2A6A3DABE8}.Debug|Any CPU.Build.0 = Debug|Any CPU
		{5A08BB69-46E3-4909-8293-6C2A6A3DABE8}.Debug|Mixed Platforms.ActiveCfg = Debug|Any CPU
		{5A08BB69-46E3-4909-8293-6C2A6A3DABE8}.Debug|Mixed Platforms.Build.0 = Debug|Any CPU
		{5A08BB69-46E3-4909-8293-6C2A6A3DABE8}.Debug|Win32.ActiveCfg = Debug|Any CPU
		{5A08BB69-46E3-4909-8293-6C2A6A3DABE8}.Debug|Win32.Build.0 = Debug|Any CPU
		{5A08BB69-46E3-4909-8293-6C2A6A3DABE8}.Debug|x64.ActiveCfg = Debug|Any CPU
		{5A08BB69-46E3-4909-8293-6C2A6A3DABE8}.Debug|x64.Build.0 = Debug|Any CPU
		{5A08BB69-46E3-4909-8293-6C2A6A3DABE8}.Debug|x86.ActiveCfg = Debug|Any CPU
		{5A08BB69-46E3-4909-8293-6C2A6A3DABE8}.Debug|x86.Build.0 = Debug|Any CPU
		{5A08BB69-46E3-4909-8293-6C2A6A3DABE8}.Release with OPC|Any CPU.ActiveCfg = Release|Any CPU
		{5A08BB69-46E3-4909-8293-6C2A6A3DABE8}.Release with OPC|Any CPU.Build.0 = Release|Any CPU
		{5A08BB69-46E3-4909-8293-6C2A6A3DABE8}.Release with OPC|Mixed Platforms.ActiveCfg = Release|Any CPU
		{5A08BB69-46E3-4909-8293-6C2A6A3DABE8}.Release with OPC|Mixed Platforms.Build.0 = Release|Any CPU
		{5A08BB69-46E3-4909-8293-6C2A6A3DABE8}.Release with OPC|Win32.ActiveCfg = Release|Any CPU
		{5A08BB69-46E3-4909-8293-6C2A6A3DABE8}.Release with OPC|Win32.Build.0 = Release|Any CPU
		{5A08BB69-46E3-4909-8293-6C2A6A3DABE8}.Release with OPC|x64.ActiveCfg = Release|Any CPU
		{5A08BB69-46E3-4909-8293-6C2A6A3DABE8}.Release with OPC|x64.Build.0 = Release|Any CPU
		{5A08BB69-46E3-4909-8293-6C2A6A3DABE8}.Release with OPC|x86.ActiveCfg = Release|Any CPU
		{5A08BB69-46E3-4909-8293-6C2A6A3DABE8}.Release with OPC|x86.Build.0 = Release|Any CPU
		{5A08BB69-46E3-4909-8293-6C2A6A3DABE8}.Release|Any CPU.ActiveCfg = Release|Any CPU
		{5A08BB69-46E3-4909-8293-6C2A6A3DABE8}.Release|Any CPU.Build.0 = Release|Any CPU
		{5A08BB69-46E3-4909-8293-6C2A6A3DABE8}.Release|Mixed Platforms.ActiveCfg = Release|Any CPU
		{5A08BB69-46E3-4909-8293-6C2A6A3DABE8}.Release|Mixed Platforms.Build.0 = Release|Any CPU
		{5A08BB69-46E3-4909-8293-6C2A6A3DABE8}.Release|Win32.ActiveCfg = Release|Any CPU
		{5A08BB69-46E3-4909-8293-6C2A6A3DABE8}.Release|Win32.Build.0 = Release|Any CPU
		{5A08BB69-46E3-4909-8293-6C2A6A3DABE8}.Release|x64.ActiveCfg = Release|Any CPU
		{5A08BB69-46E3-4909-8293-6C2A6A3DABE8}.Release|x64.Build.0 = Release|Any CPU
		{5A08BB69-46E3-4909-8293-6C2A6A3DABE8}.Release|x86.ActiveCfg = Release|Any CPU
		{5A08BB69-46E3-4909-8293-6C2A6A3DABE8}.Release|x86.Build.0 = Release|Any CPU
		{7D036490-D86D-401C-9F71-56E82344A68B}.Debug with OPC|Any CPU.ActiveCfg = Debug|Any CPU
		{7D036490-D86D-401C-9F71-56E82344A68B}.Debug with OPC|Any CPU.Build.0 = Debug|Any CPU
		{7D036490-D86D-401C-9F71-56E82344A68B}.Debug with OPC|Any CPU.Deploy.0 = Debug|Any CPU
		{7D036490-D86D-401C-9F71-56E82344A68B}.Debug with OPC|Mixed Platforms.ActiveCfg = Debug|Any CPU
		{7D036490-D86D-401C-9F71-56E82344A68B}.Debug with OPC|Mixed Platforms.Build.0 = Debug|Any CPU
		{7D036490-D86D-401C-9F71-56E82344A68B}.Debug with OPC|Mixed Platforms.Deploy.0 = Debug|Any CPU
		{7D036490-D86D-401C-9F71-56E82344A68B}.Debug with OPC|Win32.ActiveCfg = Debug|Any CPU
		{7D036490-D86D-401C-9F71-56E82344A68B}.Debug with OPC|Win32.Build.0 = Debug|Any CPU
		{7D036490-D86D-401C-9F71-56E82344A68B}.Debug with OPC|Win32.Deploy.0 = Debug|Any CPU
		{7D036490-D86D-401C-9F71-56E82344A68B}.Debug with OPC|x64.ActiveCfg = Debug|Any CPU
		{7D036490-D86D-401C-9F71-56E82344A68B}.Debug with OPC|x64.Build.0 = Debug|Any CPU
		{7D036490-D86D-401C-9F71-56E82344A68B}.Debug with OPC|x64.Deploy.0 = Debug|Any CPU
		{7D036490-D86D-401C-9F71-56E82344A68B}.Debug with OPC|x86.ActiveCfg = Debug|Any CPU
		{7D036490-D86D-401C-9F71-56E82344A68B}.Debug with OPC|x86.Build.0 = Debug|Any CPU
		{7D036490-D86D-401C-9F71-56E82344A68B}.Debug with OPC|x86.Deploy.0 = Debug|Any CPU
		{7D036490-D86D-401C-9F71-56E82344A68B}.Debug|Any CPU.ActiveCfg = Debug|Any CPU
		{7D036490-D86D-401C-9F71-56E82344A68B}.Debug|Any CPU.Build.0 = Debug|Any CPU
		{7D036490-D86D-401C-9F71-56E82344A68B}.Debug|Any CPU.Deploy.0 = Debug|Any CPU
		{7D036490-D86D-401C-9F71-56E82344A68B}.Debug|Mixed Platforms.ActiveCfg = Debug|Any CPU
		{7D036490-D86D-401C-9F71-56E82344A68B}.Debug|Mixed Platforms.Build.0 = Debug|Any CPU
		{7D036490-D86D-401C-9F71-56E82344A68B}.Debug|Mixed Platforms.Deploy.0 = Debug|Any CPU
		{7D036490-D86D-401C-9F71-56E82344A68B}.Debug|Win32.ActiveCfg = Debug|Any CPU
		{7D036490-D86D-401C-9F71-56E82344A68B}.Debug|Win32.Build.0 = Debug|Any CPU
		{7D036490-D86D-401C-9F71-56E82344A68B}.Debug|Win32.Deploy.0 = Debug|Any CPU
		{7D036490-D86D-401C-9F71-56E82344A68B}.Debug|x64.ActiveCfg = Debug|Any CPU
		{7D036490-D86D-401C-9F71-56E82344A68B}.Debug|x64.Build.0 = Debug|Any CPU
		{7D036490-D86D-401C-9F71-56E82344A68B}.Debug|x64.Deploy.0 = Debug|Any CPU
		{7D036490-D86D-401C-9F71-56E82344A68B}.Debug|x86.ActiveCfg = Debug|Any CPU
		{7D036490-D86D-401C-9F71-56E82344A68B}.Debug|x86.Build.0 = Debug|Any CPU
		{7D036490-D86D-401C-9F71-56E82344A68B}.Debug|x86.Deploy.0 = Debug|Any CPU
		{7D036490-D86D-401C-9F71-56E82344A68B}.Release with OPC|Any CPU.ActiveCfg = Release|Any CPU
		{7D036490-D86D-401C-9F71-56E82344A68B}.Release with OPC|Any CPU.Build.0 = Release|Any CPU
		{7D036490-D86D-401C-9F71-56E82344A68B}.Release with OPC|Any CPU.Deploy.0 = Release|Any CPU
		{7D036490-D86D-401C-9F71-56E82344A68B}.Release with OPC|Mixed Platforms.ActiveCfg = Release|Any CPU
		{7D036490-D86D-401C-9F71-56E82344A68B}.Release with OPC|Mixed Platforms.Build.0 = Release|Any CPU
		{7D036490-D86D-401C-9F71-56E82344A68B}.Release with OPC|Mixed Platforms.Deploy.0 = Release|Any CPU
		{7D036490-D86D-401C-9F71-56E82344A68B}.Release with OPC|Win32.ActiveCfg = Release|Any CPU
		{7D036490-D86D-401C-9F71-56E82344A68B}.Release with OPC|Win32.Build.0 = Release|Any CPU
		{7D036490-D86D-401C-9F71-56E82344A68B}.Release with OPC|Win32.Deploy.0 = Release|Any CPU
		{7D036490-D86D-401C-9F71-56E82344A68B}.Release with OPC|x64.ActiveCfg = Release|Any CPU
		{7D036490-D86D-401C-9F71-56E82344A68B}.Release with OPC|x64.Build.0 = Release|Any CPU
		{7D036490-D86D-401C-9F71-56E82344A68B}.Release with OPC|x64.Deploy.0 = Release|Any CPU
		{7D036490-D86D-401C-9F71-56E82344A68B}.Release with OPC|x86.ActiveCfg = Release|Any CPU
		{7D036490-D86D-401C-9F71-56E82344A68B}.Release with OPC|x86.Build.0 = Release|Any CPU
		{7D036490-D86D-401C-9F71-56E82344A68B}.Release with OPC|x86.Deploy.0 = Release|Any CPU
		{7D036490-D86D-401C-9F71-56E82344A68B}.Release|Any CPU.ActiveCfg = Release|Any CPU
		{7D036490-D86D-401C-9F71-56E82344A68B}.Release|Any CPU.Build.0 = Release|Any CPU
		{7D036490-D86D-401C-9F71-56E82344A68B}.Release|Any CPU.Deploy.0 = Release|Any CPU
		{7D036490-D86D-401C-9F71-56E82344A68B}.Release|Mixed Platforms.ActiveCfg = Release|Any CPU
		{7D036490-D86D-401C-9F71-56E82344A68B}.Release|Mixed Platforms.Build.0 = Release|Any CPU
		{7D036490-D86D-401C-9F71-56E82344A68B}.Release|Mixed Platforms.Deploy.0 = Release|Any CPU
		{7D036490-D86D-401C-9F71-56E82344A68B}.Release|Win32.ActiveCfg = Release|Any CPU
		{7D036490-D86D-401C-9F71-56E82344A68B}.Release|Win32.Build.0 = Release|Any CPU
		{7D036490-D86D-401C-9F71-56E82344A68B}.Release|Win32.Deploy.0 = Release|Any CPU
		{7D036490-D86D-401C-9F71-56E82344A68B}.Release|x64.ActiveCfg = Release|Any CPU
		{7D036490-D86D-401C-9F71-56E82344A68B}.Release|x64.Build.0 = Release|Any CPU
		{7D036490-D86D-401C-9F71-56E82344A68B}.Release|x64.Deploy.0 = Release|Any CPU
		{7D036490-D86D-401C-9F71-56E82344A68B}.Release|x86.ActiveCfg = Release|Any CPU
		{7D036490-D86D-401C-9F71-56E82344A68B}.Release|x86.Build.0 = Release|Any CPU
		{7D036490-D86D-401C-9F71-56E82344A68B}.Release|x86.Deploy.0 = Release|Any CPU
		{5DA2A174-A1AE-436F-B58A-CB943B625754}.Debug with OPC|Any CPU.ActiveCfg = Debug|Any CPU
		{5DA2A174-A1AE-436F-B58A-CB943B625754}.Debug with OPC|Any CPU.Build.0 = Debug|Any CPU
		{5DA2A174-A1AE-436F-B58A-CB943B625754}.Debug with OPC|Mixed Platforms.ActiveCfg = Debug|Any CPU
		{5DA2A174-A1AE-436F-B58A-CB943B625754}.Debug with OPC|Mixed Platforms.Build.0 = Debug|Any CPU
		{5DA2A174-A1AE-436F-B58A-CB943B625754}.Debug with OPC|Win32.ActiveCfg = Debug|Any CPU
		{5DA2A174-A1AE-436F-B58A-CB943B625754}.Debug with OPC|Win32.Build.0 = Debug|Any CPU
		{5DA2A174-A1AE-436F-B58A-CB943B625754}.Debug with OPC|x64.ActiveCfg = Debug|Any CPU
		{5DA2A174-A1AE-436F-B58A-CB943B625754}.Debug with OPC|x64.Build.0 = Debug|Any CPU
		{5DA2A174-A1AE-436F-B58A-CB943B625754}.Debug with OPC|x86.ActiveCfg = Debug|Any CPU
		{5DA2A174-A1AE-436F-B58A-CB943B625754}.Debug with OPC|x86.Build.0 = Debug|Any CPU
		{5DA2A174-A1AE-436F-B58A-CB943B625754}.Debug|Any CPU.ActiveCfg = Debug|Any CPU
		{5DA2A174-A1AE-436F-B58A-CB943B625754}.Debug|Any CPU.Build.0 = Debug|Any CPU
		{5DA2A174-A1AE-436F-B58A-CB943B625754}.Debug|Mixed Platforms.ActiveCfg = Debug|Any CPU
		{5DA2A174-A1AE-436F-B58A-CB943B625754}.Debug|Mixed Platforms.Build.0 = Debug|Any CPU
		{5DA2A174-A1AE-436F-B58A-CB943B625754}.Debug|Win32.ActiveCfg = Debug|Any CPU
		{5DA2A174-A1AE-436F-B58A-CB943B625754}.Debug|Win32.Build.0 = Debug|Any CPU
		{5DA2A174-A1AE-436F-B58A-CB943B625754}.Debug|x64.ActiveCfg = Debug|Any CPU
		{5DA2A174-A1AE-436F-B58A-CB943B625754}.Debug|x64.Build.0 = Debug|Any CPU
		{5DA2A174-A1AE-436F-B58A-CB943B625754}.Debug|x86.ActiveCfg = Debug|Any CPU
		{5DA2A174-A1AE-436F-B58A-CB943B625754}.Debug|x86.Build.0 = Debug|Any CPU
		{5DA2A174-A1AE-436F-B58A-CB943B625754}.Release with OPC|Any CPU.ActiveCfg = Release|Any CPU
		{5DA2A174-A1AE-436F-B58A-CB943B625754}.Release with OPC|Any CPU.Build.0 = Release|Any CPU
		{5DA2A174-A1AE-436F-B58A-CB943B625754}.Release with OPC|Mixed Platforms.ActiveCfg = Release|Any CPU
		{5DA2A174-A1AE-436F-B58A-CB943B625754}.Release with OPC|Mixed Platforms.Build.0 = Release|Any CPU
		{5DA2A174-A1AE-436F-B58A-CB943B625754}.Release with OPC|Win32.ActiveCfg = Release|Any CPU
		{5DA2A174-A1AE-436F-B58A-CB943B625754}.Release with OPC|Win32.Build.0 = Release|Any CPU
		{5DA2A174-A1AE-436F-B58A-CB943B625754}.Release with OPC|x64.ActiveCfg = Release|Any CPU
		{5DA2A174-A1AE-436F-B58A-CB943B625754}.Release with OPC|x64.Build.0 = Release|Any CPU
		{5DA2A174-A1AE-436F-B58A-CB943B625754}.Release with OPC|x86.ActiveCfg = Release|Any CPU
		{5DA2A174-A1AE-436F-B58A-CB943B625754}.Release with OPC|x86.Build.0 = Release|Any CPU
		{5DA2A174-A1AE-436F-B58A-CB943B625754}.Release|Any CPU.ActiveCfg = Release|Any CPU
		{5DA2A174-A1AE-436F-B58A-CB943B625754}.Release|Any CPU.Build.0 = Release|Any CPU
		{5DA2A174-A1AE-436F-B58A-CB943B625754}.Release|Mixed Platforms.ActiveCfg = Release|Any CPU
		{5DA2A174-A1AE-436F-B58A-CB943B625754}.Release|Mixed Platforms.Build.0 = Release|Any CPU
		{5DA2A174-A1AE-436F-B58A-CB943B625754}.Release|Win32.ActiveCfg = Release|Any CPU
		{5DA2A174-A1AE-436F-B58A-CB943B625754}.Release|Win32.Build.0 = Release|Any CPU
		{5DA2A174-A1AE-436F-B58A-CB943B625754}.Release|x64.ActiveCfg = Release|Any CPU
		{5DA2A174-A1AE-436F-B58A-CB943B625754}.Release|x64.Build.0 = Release|Any CPU
		{5DA2A174-A1AE-436F-B58A-CB943B625754}.Release|x86.ActiveCfg = Release|Any CPU
		{5DA2A174-A1AE-436F-B58A-CB943B625754}.Release|x86.Build.0 = Release|Any CPU
		{5EE544FB-D5C9-4BAA-87F5-CE480541A5A0}.Debug with OPC|Any CPU.ActiveCfg = Debug|Any CPU
		{5EE544FB-D5C9-4BAA-87F5-CE480541A5A0}.Debug with OPC|Any CPU.Build.0 = Debug|Any CPU
		{5EE544FB-D5C9-4BAA-87F5-CE480541A5A0}.Debug with OPC|Mixed Platforms.ActiveCfg = Debug|Any CPU
		{5EE544FB-D5C9-4BAA-87F5-CE480541A5A0}.Debug with OPC|Mixed Platforms.Build.0 = Debug|Any CPU
		{5EE544FB-D5C9-4BAA-87F5-CE480541A5A0}.Debug with OPC|Win32.ActiveCfg = Debug|Any CPU
		{5EE544FB-D5C9-4BAA-87F5-CE480541A5A0}.Debug with OPC|Win32.Build.0 = Debug|Any CPU
		{5EE544FB-D5C9-4BAA-87F5-CE480541A5A0}.Debug with OPC|x64.ActiveCfg = Debug|Any CPU
		{5EE544FB-D5C9-4BAA-87F5-CE480541A5A0}.Debug with OPC|x64.Build.0 = Debug|Any CPU
		{5EE544FB-D5C9-4BAA-87F5-CE480541A5A0}.Debug with OPC|x86.ActiveCfg = Debug|Any CPU
		{5EE544FB-D5C9-4BAA-87F5-CE480541A5A0}.Debug with OPC|x86.Build.0 = Debug|Any CPU
		{5EE544FB-D5C9-4BAA-87F5-CE480541A5A0}.Debug|Any CPU.ActiveCfg = Debug|Any CPU
		{5EE544FB-D5C9-4BAA-87F5-CE480541A5A0}.Debug|Any CPU.Build.0 = Debug|Any CPU
		{5EE544FB-D5C9-4BAA-87F5-CE480541A5A0}.Debug|Mixed Platforms.ActiveCfg = Debug|Any CPU
		{5EE544FB-D5C9-4BAA-87F5-CE480541A5A0}.Debug|Mixed Platforms.Build.0 = Debug|Any CPU
		{5EE544FB-D5C9-4BAA-87F5-CE480541A5A0}.Debug|Win32.ActiveCfg = Debug|Any CPU
		{5EE544FB-D5C9-4BAA-87F5-CE480541A5A0}.Debug|Win32.Build.0 = Debug|Any CPU
		{5EE544FB-D5C9-4BAA-87F5-CE480541A5A0}.Debug|x64.ActiveCfg = Debug|Any CPU
		{5EE544FB-D5C9-4BAA-87F5-CE480541A5A0}.Debug|x64.Build.0 = Debug|Any CPU
		{5EE544FB-D5C9-4BAA-87F5-CE480541A5A0}.Debug|x86.ActiveCfg = Debug|Any CPU
		{5EE544FB-D5C9-4BAA-87F5-CE480541A5A0}.Debug|x86.Build.0 = Debug|Any CPU
		{5EE544FB-D5C9-4BAA-87F5-CE480541A5A0}.Release with OPC|Any CPU.ActiveCfg = Release|Any CPU
		{5EE544FB-D5C9-4BAA-87F5-CE480541A5A0}.Release with OPC|Any CPU.Build.0 = Release|Any CPU
		{5EE544FB-D5C9-4BAA-87F5-CE480541A5A0}.Release with OPC|Mixed Platforms.ActiveCfg = Release|Any CPU
		{5EE544FB-D5C9-4BAA-87F5-CE480541A5A0}.Release with OPC|Mixed Platforms.Build.0 = Release|Any CPU
		{5EE544FB-D5C9-4BAA-87F5-CE480541A5A0}.Release with OPC|Win32.ActiveCfg = Release|Any CPU
		{5EE544FB-D5C9-4BAA-87F5-CE480541A5A0}.Release with OPC|Win32.Build.0 = Release|Any CPU
		{5EE544FB-D5C9-4BAA-87F5-CE480541A5A0}.Release with OPC|x64.ActiveCfg = Release|Any CPU
		{5EE544FB-D5C9-4BAA-87F5-CE480541A5A0}.Release with OPC|x64.Build.0 = Release|Any CPU
		{5EE544FB-D5C9-4BAA-87F5-CE480541A5A0}.Release with OPC|x86.ActiveCfg = Release|Any CPU
		{5EE544FB-D5C9-4BAA-87F5-CE480541A5A0}.Release with OPC|x86.Build.0 = Release|Any CPU
		{5EE544FB-D5C9-4BAA-87F5-CE480541A5A0}.Release|Any CPU.ActiveCfg = Release|Any CPU
		{5EE544FB-D5C9-4BAA-87F5-CE480541A5A0}.Release|Any CPU.Build.0 = Release|Any CPU
		{5EE544FB-D5C9-4BAA-87F5-CE480541A5A0}.Release|Mixed Platforms.ActiveCfg = Release|Any CPU
		{5EE544FB-D5C9-4BAA-87F5-CE480541A5A0}.Release|Mixed Platforms.Build.0 = Release|Any CPU
		{5EE544FB-D5C9-4BAA-87F5-CE480541A5A0}.Release|Win32.ActiveCfg = Release|Any CPU
		{5EE544FB-D5C9-4BAA-87F5-CE480541A5A0}.Release|Win32.Build.0 = Release|Any CPU
		{5EE544FB-D5C9-4BAA-87F5-CE480541A5A0}.Release|x64.ActiveCfg = Release|Any CPU
		{5EE544FB-D5C9-4BAA-87F5-CE480541A5A0}.Release|x64.Build.0 = Release|Any CPU
		{5EE544FB-D5C9-4BAA-87F5-CE480541A5A0}.Release|x86.ActiveCfg = Release|Any CPU
		{5EE544FB-D5C9-4BAA-87F5-CE480541A5A0}.Release|x86.Build.0 = Release|Any CPU
		{DFD18C28-ACDD-4BC3-94A2-29DA3CE8F839}.Debug with OPC|Any CPU.ActiveCfg = Debug|Any CPU
		{DFD18C28-ACDD-4BC3-94A2-29DA3CE8F839}.Debug with OPC|Any CPU.Build.0 = Debug|Any CPU
		{DFD18C28-ACDD-4BC3-94A2-29DA3CE8F839}.Debug with OPC|Mixed Platforms.ActiveCfg = Debug|Any CPU
		{DFD18C28-ACDD-4BC3-94A2-29DA3CE8F839}.Debug with OPC|Mixed Platforms.Build.0 = Debug|Any CPU
		{DFD18C28-ACDD-4BC3-94A2-29DA3CE8F839}.Debug with OPC|Win32.ActiveCfg = Debug|Any CPU
		{DFD18C28-ACDD-4BC3-94A2-29DA3CE8F839}.Debug with OPC|Win32.Build.0 = Debug|Any CPU
		{DFD18C28-ACDD-4BC3-94A2-29DA3CE8F839}.Debug with OPC|x64.ActiveCfg = Debug|Any CPU
		{DFD18C28-ACDD-4BC3-94A2-29DA3CE8F839}.Debug with OPC|x64.Build.0 = Debug|Any CPU
		{DFD18C28-ACDD-4BC3-94A2-29DA3CE8F839}.Debug with OPC|x86.ActiveCfg = Debug|Any CPU
		{DFD18C28-ACDD-4BC3-94A2-29DA3CE8F839}.Debug with OPC|x86.Build.0 = Debug|Any CPU
		{DFD18C28-ACDD-4BC3-94A2-29DA3CE8F839}.Debug|Any CPU.ActiveCfg = Debug|Any CPU
		{DFD18C28-ACDD-4BC3-94A2-29DA3CE8F839}.Debug|Any CPU.Build.0 = Debug|Any CPU
		{DFD18C28-ACDD-4BC3-94A2-29DA3CE8F839}.Debug|Mixed Platforms.ActiveCfg = Debug|Any CPU
		{DFD18C28-ACDD-4BC3-94A2-29DA3CE8F839}.Debug|Mixed Platforms.Build.0 = Debug|Any CPU
		{DFD18C28-ACDD-4BC3-94A2-29DA3CE8F839}.Debug|Win32.ActiveCfg = Debug|Any CPU
		{DFD18C28-ACDD-4BC3-94A2-29DA3CE8F839}.Debug|Win32.Build.0 = Debug|Any CPU
		{DFD18C28-ACDD-4BC3-94A2-29DA3CE8F839}.Debug|x64.ActiveCfg = Debug|Any CPU
		{DFD18C28-ACDD-4BC3-94A2-29DA3CE8F839}.Debug|x64.Build.0 = Debug|Any CPU
		{DFD18C28-ACDD-4BC3-94A2-29DA3CE8F839}.Debug|x86.ActiveCfg = Debug|Any CPU
		{DFD18C28-ACDD-4BC3-94A2-29DA3CE8F839}.Debug|x86.Build.0 = Debug|Any CPU
		{DFD18C28-ACDD-4BC3-94A2-29DA3CE8F839}.Release with OPC|Any CPU.ActiveCfg = Release|Any CPU
		{DFD18C28-ACDD-4BC3-94A2-29DA3CE8F839}.Release with OPC|Any CPU.Build.0 = Release|Any CPU
		{DFD18C28-ACDD-4BC3-94A2-29DA3CE8F839}.Release with OPC|Mixed Platforms.ActiveCfg = Release|Any CPU
		{DFD18C28-ACDD-4BC3-94A2-29DA3CE8F839}.Release with OPC|Mixed Platforms.Build.0 = Release|Any CPU
		{DFD18C28-ACDD-4BC3-94A2-29DA3CE8F839}.Release with OPC|Win32.ActiveCfg = Release|Any CPU
		{DFD18C28-ACDD-4BC3-94A2-29DA3CE8F839}.Release with OPC|Win32.Build.0 = Release|Any CPU
		{DFD18C28-ACDD-4BC3-94A2-29DA3CE8F839}.Release with OPC|x64.ActiveCfg = Release|Any CPU
		{DFD18C28-ACDD-4BC3-94A2-29DA3CE8F839}.Release with OPC|x64.Build.0 = Release|Any CPU
		{DFD18C28-ACDD-4BC3-94A2-29DA3CE8F839}.Release with OPC|x86.ActiveCfg = Release|Any CPU
		{DFD18C28-ACDD-4BC3-94A2-29DA3CE8F839}.Release with OPC|x86.Build.0 = Release|Any CPU
		{DFD18C28-ACDD-4BC3-94A2-29DA3CE8F839}.Release|Any CPU.ActiveCfg = Release|Any CPU
		{DFD18C28-ACDD-4BC3-94A2-29DA3CE8F839}.Release|Any CPU.Build.0 = Release|Any CPU
		{DFD18C28-ACDD-4BC3-94A2-29DA3CE8F839}.Release|Mixed Platforms.ActiveCfg = Release|Any CPU
		{DFD18C28-ACDD-4BC3-94A2-29DA3CE8F839}.Release|Mixed Platforms.Build.0 = Release|Any CPU
		{DFD18C28-ACDD-4BC3-94A2-29DA3CE8F839}.Release|Win32.ActiveCfg = Release|Any CPU
		{DFD18C28-ACDD-4BC3-94A2-29DA3CE8F839}.Release|Win32.Build.0 = Release|Any CPU
		{DFD18C28-ACDD-4BC3-94A2-29DA3CE8F839}.Release|x64.ActiveCfg = Release|Any CPU
		{DFD18C28-ACDD-4BC3-94A2-29DA3CE8F839}.Release|x64.Build.0 = Release|Any CPU
		{DFD18C28-ACDD-4BC3-94A2-29DA3CE8F839}.Release|x86.ActiveCfg = Release|Any CPU
		{DFD18C28-ACDD-4BC3-94A2-29DA3CE8F839}.Release|x86.Build.0 = Release|Any CPU
	EndGlobalSection
	GlobalSection(SolutionProperties) = preSolution
		HideSolutionNode = FALSE
	EndGlobalSection
	GlobalSection(ExtensibilityGlobals) = postSolution
		SolutionGuid = {1745356B-6421-4427-8309-8712666D8C6E}
	EndGlobalSection
EndGlobal
