
Microsoft Visual Studio Solution File, Format Version 12.00
# Visual Studio Version 16
VisualStudioVersion = 16.0.32602.291
MinimumVisualStudioVersion = 10.0.40219.1
Project("{FAE04EC0-301F-11D3-BF4B-00C04F79EFBC}") = "MigrationTool", "MigrationTool\MigrationTool.csproj", "{FF75ED34-1B38-4B60-A5F6-9F97F946BC02}"
EndProject
Project("{FAE04EC0-301F-11D3-BF4B-00C04F79EFBC}") = "MigrationToolBusinessObjects", "BusinessObjects\MigrationToolBusinessObjects.csproj", "{307979A1-BDE3-46A2-A310-3E815C1CE45C}"
EndProject
Project("{FAE04EC0-301F-11D3-BF4B-00C04F79EFBC}") = "MigrationToolDataAccessLayer", "MigrationToolDataAccessLayer\MigrationToolDataAccessLayer.csproj", "{23A0A989-4F2E-4EDB-963B-AD1C1F534B91}"
EndProject
Project("{FAE04EC0-301F-11D3-BF4B-00C04F79EFBC}") = "MirgrationToolProcessing", "MirgrationToolProcessing\MirgrationToolProcessing.csproj", "{00026250-7BB4-4942-9FE0-B10C6ED83599}"
EndProject
Global
	GlobalSection(SolutionConfigurationPlatforms) = preSolution
		Debug|Any CPU = Debug|Any CPU
		Release|Any CPU = Release|Any CPU
	EndGlobalSection
	GlobalSection(ProjectConfigurationPlatforms) = postSolution
		{FF75ED34-1B38-4B60-A5F6-9F97F946BC02}.Debug|Any CPU.ActiveCfg = Debug|Any CPU
		{FF75ED34-1B38-4B60-A5F6-9F97F946BC02}.Debug|Any CPU.Build.0 = Debug|Any CPU
		{FF75ED34-1B38-4B60-A5F6-9F97F946BC02}.Release|Any CPU.ActiveCfg = Release|Any CPU
		{FF75ED34-1B38-4B60-A5F6-9F97F946BC02}.Release|Any CPU.Build.0 = Release|Any CPU
		{307979A1-BDE3-46A2-A310-3E815C1CE45C}.Debug|Any CPU.ActiveCfg = Debug|Any CPU
		{307979A1-BDE3-46A2-A310-3E815C1CE45C}.Debug|Any CPU.Build.0 = Debug|Any CPU
		{307979A1-BDE3-46A2-A310-3E815C1CE45C}.Release|Any CPU.ActiveCfg = Release|Any CPU
		{307979A1-BDE3-46A2-A310-3E815C1CE45C}.Release|Any CPU.Build.0 = Release|Any CPU
		{23A0A989-4F2E-4EDB-963B-AD1C1F534B91}.Debug|Any CPU.ActiveCfg = Debug|Any CPU
		{23A0A989-4F2E-4EDB-963B-AD1C1F534B91}.Debug|Any CPU.Build.0 = Debug|Any CPU
		{23A0A989-4F2E-4EDB-963B-AD1C1F534B91}.Release|Any CPU.ActiveCfg = Release|Any CPU
		{23A0A989-4F2E-4EDB-963B-AD1C1F534B91}.Release|Any CPU.Build.0 = Release|Any CPU
		{00026250-7BB4-4942-9FE0-B10C6ED83599}.Debug|Any CPU.ActiveCfg = Debug|Any CPU
		{00026250-7BB4-4942-9FE0-B10C6ED83599}.Debug|Any CPU.Build.0 = Debug|Any CPU
		{00026250-7BB4-4942-9FE0-B10C6ED83599}.Release|Any CPU.ActiveCfg = Release|Any CPU
		{00026250-7BB4-4942-9FE0-B10C6ED83599}.Release|Any CPU.Build.0 = Release|Any CPU
	EndGlobalSection
	GlobalSection(SolutionProperties) = preSolution
		HideSolutionNode = FALSE
	EndGlobalSection
	GlobalSection(ExtensibilityGlobals) = postSolution
		SolutionGuid = {FD42570D-8063-47C2-96EF-8B5AD620B6DF}
	EndGlobalSection
EndGlobal
