<?xml version="1.0" encoding="utf-8"?>
<Project ToolsVersion="4.0" xmlns="http://schemas.microsoft.com/developer/msbuild/2003">
  <ItemGroup>
    <Filter Include="Source Files">
      <UniqueIdentifier>{13703182-AF1F-4b0e-9A05-68DAE0A92E4C}</UniqueIdentifier>
      <Extensions>cpp;c;cxx;def;odl;idl;hpj;bat;asm;asmx</Extensions>
    </Filter>
    <Filter Include="Header Files">
      <UniqueIdentifier>{0BB4D4BF-2F46-47df-9F69-77B929943E0E}</UniqueIdentifier>
      <Extensions>h;hpp;hxx;hm;inl;inc;xsd</Extensions>
    </Filter>
    <Filter Include="Resource Files">
      <UniqueIdentifier>{C035A120-DA98-4f75-9132-F83E1FADC5E3}</UniqueIdentifier>
      <Extensions>rc;ico;cur;bmp;dlg;rc2;rct;bin;rgs;gif;jpg;jpeg;jpe;resx</Extensions>
    </Filter>
    <Filter Include="Generated Files">
      <UniqueIdentifier>{2d7c2ddf-47d2-4698-9edb-22122e56d633}</UniqueIdentifier>
      <SourceControlFiles>False</SourceControlFiles>
    </Filter>
  </ItemGroup>
  <ItemGroup>
    <ClCompile Include="DataAccess.cpp">
      <Filter>Source Files</Filter>
    </ClCompile>
    <ClCompile Include="DeviceManager.cpp">
      <Filter>Source Files</Filter>
    </ClCompile>
    <ClCompile Include="dlldatax.c">
      <Filter>Source Files</Filter>
    </ClCompile>
    <ClCompile Include="IO.cpp">
      <Filter>Source Files</Filter>
    </ClCompile>
    <ClCompile Include="OPCGroup.cpp">
      <Filter>Source Files</Filter>
    </ClCompile>
    <ClCompile Include="OPCGroupBase.cpp">
      <Filter>Source Files</Filter>
    </ClCompile>
    <ClCompile Include="OPCServer.cpp">
      <Filter>Source Files</Filter>
    </ClCompile>
    <ClCompile Include="OPCServerBase.cpp">
      <Filter>Source Files</Filter>
    </ClCompile>
    <ClCompile Include="Ports.cpp">
      <Filter>Source Files</Filter>
    </ClCompile>
    <ClCompile Include="ScullyOPCServer.cpp">
      <Filter>Source Files</Filter>
    </ClCompile>
    <ClCompile Include="Scullys.cpp">
      <Filter>Source Files</Filter>
    </ClCompile>
    <ClCompile Include="stdafx.cpp">
      <Filter>Source Files</Filter>
    </ClCompile>
  </ItemGroup>
  <ItemGroup>
    <None Include="ScullyOPCServer.def">
      <Filter>Source Files</Filter>
    </None>
    <None Include="DataAccess.rgs">
      <Filter>Resource Files</Filter>
    </None>
    <None Include="OPCServer.rgs">
      <Filter>Resource Files</Filter>
    </None>
    <None Include="Ports.rgs">
      <Filter>Resource Files</Filter>
    </None>
    <None Include="ScullyOPCServer.rgs">
      <Filter>Resource Files</Filter>
    </None>
    <None Include="Scullys.rgs">
      <Filter>Resource Files</Filter>
    </None>
  </ItemGroup>
  <ItemGroup>
    <Midl Include="ScullyOPCServer.idl">
      <Filter>Source Files</Filter>
    </Midl>
  </ItemGroup>
  <ItemGroup>
    <ClInclude Include="DataAccess.h">
      <Filter>Header Files</Filter>
    </ClInclude>
    <ClInclude Include="DeviceManager.h">
      <Filter>Header Files</Filter>
    </ClInclude>
    <ClInclude Include="dlldatax.h">
      <Filter>Header Files</Filter>
    </ClInclude>
    <ClInclude Include="IO.h">
      <Filter>Header Files</Filter>
    </ClInclude>
    <ClInclude Include="OPCGroup.h">
      <Filter>Header Files</Filter>
    </ClInclude>
    <ClInclude Include="OPCGroupBase.h">
      <Filter>Header Files</Filter>
    </ClInclude>
    <ClInclude Include="OPCServer.h">
      <Filter>Header Files</Filter>
    </ClInclude>
    <ClInclude Include="OPCServerBase.h">
      <Filter>Header Files</Filter>
    </ClInclude>
    <ClInclude Include="Ports.h">
      <Filter>Header Files</Filter>
    </ClInclude>
    <ClInclude Include="Resource.h">
      <Filter>Header Files</Filter>
    </ClInclude>
    <ClInclude Include="Scullys.h">
      <Filter>Header Files</Filter>
    </ClInclude>
    <ClInclude Include="stdafx.h">
      <Filter>Header Files</Filter>
    </ClInclude>
  </ItemGroup>
  <ItemGroup>
    <ResourceCompile Include="ScullyOPCServer.rc">
      <Filter>Resource Files</Filter>
    </ResourceCompile>
  </ItemGroup>
  <ItemGroup>
    <Text Include="ReadMe.txt" />
  </ItemGroup>
  <ItemGroup>
    <CustomBuild Include="Messages.mc" />
  </ItemGroup>
</Project>